
Microsoft Visual Studio Solution File, Format Version 12.00
# Visual Studio Version 17
VisualStudioVersion = 17.5.33516.290
MinimumVisualStudioVersion = 10.0.40219.1
Project("{8BC9CEB8-8B4A-11D0-8D11-00A0C91BC942}") = "scancodes", "tools\scancodes.vcxproj", "{E5907DD3-DE08-46B4-94CF-E7657CAD02A8}"
	ProjectSection(ProjectDependencies) = postProject
		{29BD96E0-B6C5-42A0-B683-FD9740810600} = {29BD96E0-B6C5-42A0-B683-FD9740810600}
	EndProjectSection
EndProject
Project("{8BC9CEB8-8B4A-11D0-8D11-00A0C91BC942}") = "kbdadmin", "tools\kbdadmin.vcxproj", "{599FF9E1-4CB8-4511-9D55-A5CBC6191DC3}"
	ProjectSection(ProjectDependencies) = postProject
		{29BD96E0-B6C5-42A0-B683-FD9740810600} = {29BD96E0-B6C5-42A0-B683-FD9740810600}
	EndProjectSection
EndProject
Project("{8BC9CEB8-8B4A-11D0-8D11-00A0C91BC942}") = "kbdreverse", "tools\kbdreverse.vcxproj", "{38202AFE-E69D-4994-8943-8F39164776D1}"
	ProjectSection(ProjectDependencies) = postProject
		{29BD96E0-B6C5-42A0-B683-FD9740810600} = {29BD96E0-B6C5-42A0-B683-FD9740810600}
	EndProjectSection
EndProject
Project("{8BC9CEB8-8B4A-11D0-8D11-00A0C91BC942}") = "libtools", "tools\libtools.vcxproj", "{29BD96E0-B6C5-42A0-B683-FD9740810600}"
EndProject
Project("{8BC9CEB8-8B4A-11D0-8D11-00A0C91BC942}") = "kbdfrapple", "keyboards\kbdfrapple\kbdfrapple.vcxproj", "{B9B80495-01BA-4AFD-99FE-F87822FB832C}"
EndProject
Project("{8BC9CEB8-8B4A-11D0-8D11-00A0C91BC942}") = "kbdfnapple", "keyboards\kbdfnapple\kbdfnapple.vcxproj", "{DCCE0BD5-25A8-49E2-A7DA-754E22935020}"
EndProject
Project("{8BC9CEB8-8B4A-11D0-8D11-00A0C91BC942}") = "kbdarapple", "keyboards\kbdarapple\kbdarapple.vcxproj", "{17469F2D-C088-4F5F-8FBB-74B558E14D7B}"
EndProject
Project("{8BC9CEB8-8B4A-11D0-8D11-00A0C91BC942}") = "kbdbeapple", "keyboards\kbdbeapple\kbdbeapple.vcxproj", "{C6E90E80-11BA-4790-80D0-7E237D9B0B98}"
EndProject
Project("{8BC9CEB8-8B4A-11D0-8D11-00A0C91BC942}") = "kbdbzapple", "keyboards\kbdbzapple\kbdbzapple.vcxproj", "{72B3FD20-55F9-4B10-9C0B-AC8150590B2B}"
EndProject
Project("{8BC9CEB8-8B4A-11D0-8D11-00A0C91BC942}") = "kbdcaapple", "keyboards\kbdcaapple\kbdcaapple.vcxproj", "{849E4331-E1A1-406E-A6C0-03100337A62A}"
EndProject
Project("{8BC9CEB8-8B4A-11D0-8D11-00A0C91BC942}") = "kbdczapple", "keyboards\kbdczapple\kbdczapple.vcxproj", "{9D2C48DC-EECB-4026-ABFB-FC7A86D01BC9}"
EndProject
Project("{8BC9CEB8-8B4A-11D0-8D11-00A0C91BC942}") = "kbddaapple", "keyboards\kbddaapple\kbddaapple.vcxproj", "{F2AA080D-76EF-4CB9-A3E4-1C95CA311037}"
EndProject
Project("{8BC9CEB8-8B4A-11D0-8D11-00A0C91BC942}") = "kbddeapple", "keyboards\kbddeapple\kbddeapple.vcxproj", "{78AA2EFB-1E77-40CA-8CCD-1A94CCBA1593}"
EndProject
Project("{8BC9CEB8-8B4A-11D0-8D11-00A0C91BC942}") = "kbdduapple", "keyboards\kbdduapple\kbdduapple.vcxproj", "{81B54633-81B3-4A8A-9AAA-A8A2EAEFF651}"
EndProject
Project("{8BC9CEB8-8B4A-11D0-8D11-00A0C91BC942}") = "kbddvapple", "keyboards\kbddvapple\kbddvapple.vcxproj", "{7818C31D-DA42-442D-807D-3CC0E7AE6259}"
EndProject
Project("{8BC9CEB8-8B4A-11D0-8D11-00A0C91BC942}") = "kbdejapple", "keyboards\kbdejapple\kbdejapple.vcxproj", "{A613A0A0-9601-4B8F-AE76-C861993CE1F3}"
EndProject
Project("{8BC9CEB8-8B4A-11D0-8D11-00A0C91BC942}") = "kbdfiapple", "keyboards\kbdfiapple\kbdfiapple.vcxproj", "{7C923FFC-728C-4449-9D00-85734024765F}"
EndProject
Project("{8BC9CEB8-8B4A-11D0-8D11-00A0C91BC942}") = "kbditapple", "keyboards\kbditapple\kbditapple.vcxproj", "{6C47178B-CA57-4CBB-98BB-CF801E09028D}"
EndProject
Project("{8BC9CEB8-8B4A-11D0-8D11-00A0C91BC942}") = "kbdnoapple", "keyboards\kbdnoapple\kbdnoapple.vcxproj", "{5E9AC9DB-6149-4251-9947-908B6ED25E82}"
EndProject
Project("{8BC9CEB8-8B4A-11D0-8D11-00A0C91BC942}") = "kbdplapple", "keyboards\kbdplapple\kbdplapple.vcxproj", "{B64E9AE5-5A84-4E43-9340-604F9009D525}"
EndProject
Project("{8BC9CEB8-8B4A-11D0-8D11-00A0C91BC942}") = "kbdpoapple", "keyboards\kbdpoapple\kbdpoapple.vcxproj", "{F2C41E2F-915F-4ED5-9EFC-14B3665DAE49}"
EndProject
Project("{8BC9CEB8-8B4A-11D0-8D11-00A0C91BC942}") = "kbdruapple", "keyboards\kbdruapple\kbdruapple.vcxproj", "{4D09666E-402D-4F2D-B2C3-1DDACF35032E}"
EndProject
Project("{8BC9CEB8-8B4A-11D0-8D11-00A0C91BC942}") = "kbdsgapple", "keyboards\kbdsgapple\kbdsgapple.vcxproj", "{10CE9179-0B2D-4FBB-9EA7-EC8A3EE06D06}"
EndProject
Project("{8BC9CEB8-8B4A-11D0-8D11-00A0C91BC942}") = "kbdspapple", "keyboards\kbdspapple\kbdspapple.vcxproj", "{2C57A424-E1C6-4BDC-BD5C-D13AD5A53F2E}"
EndProject
Project("{8BC9CEB8-8B4A-11D0-8D11-00A0C91BC942}") = "kbdswapple", "keyboards\kbdswapple\kbdswapple.vcxproj", "{F00074E3-6C20-4997-A7CB-8A9E44AB3661}"
EndProject
Project("{8BC9CEB8-8B4A-11D0-8D11-00A0C91BC942}") = "kbdszapple", "keyboards\kbdszapple\kbdszapple.vcxproj", "{391CBC76-2100-4981-9B39-1D2F2A7BE812}"
EndProject
Project("{8BC9CEB8-8B4A-11D0-8D11-00A0C91BC942}") = "kbduiapple", "keyboards\kbduiapple\kbduiapple.vcxproj", "{A5928ACC-083F-42AD-9651-50185BAF8608}"
EndProject
Project("{8BC9CEB8-8B4A-11D0-8D11-00A0C91BC942}") = "kbdukapple", "keyboards\kbdukapple\kbdukapple.vcxproj", "{EE807C4D-4C52-49D6-A08B-7153D5926862}"
EndProject
Project("{8BC9CEB8-8B4A-11D0-8D11-00A0C91BC942}") = "kbdurapple", "keyboards\kbdurapple\kbdurapple.vcxproj", "{5E6CD655-9FF5-490B-980C-FAF72F83BF75}"
EndProject
Project("{8BC9CEB8-8B4A-11D0-8D11-00A0C91BC942}") = "kbdusapple", "keyboards\kbdusapple\kbdusapple.vcxproj", "{04AD1307-1C07-4848-93FF-76005FDCC59A}"
EndProject
Project("{8BC9CEB8-8B4A-11D0-8D11-00A0C91BC942}") = "kbdfnapplevm", "keyboards\kbdfnapplevm\kbdfnapplevm.vcxproj", "{15D90D05-B6EA-4A66-9A94-53EB51375B96}"
EndProject
Project("{8BC9CEB8-8B4A-11D0-8D11-00A0C91BC942}") = "kbdarapplevm", "keyboards\kbdarapplevm\kbdarapplevm.vcxproj", "{A84ED0A4-E9AE-4E23-ABB0-75F8E7277CD5}"
EndProject
Project("{8BC9CEB8-8B4A-11D0-8D11-00A0C91BC942}") = "kbdbeapplevm", "keyboards\kbdbeapplevm\kbdbeapplevm.vcxproj", "{AB26BB76-96F0-4633-A37F-1192FC2065C9}"
EndProject
Project("{8BC9CEB8-8B4A-11D0-8D11-00A0C91BC942}") = "kbdbzapplevm", "keyboards\kbdbzapplevm\kbdbzapplevm.vcxproj", "{5D25DA16-ADD6-44E2-90D8-111AC3D55622}"
EndProject
Project("{8BC9CEB8-8B4A-11D0-8D11-00A0C91BC942}") = "kbdcaapplevm", "keyboards\kbdcaapplevm\kbdcaapplevm.vcxproj", "{96587D54-8955-493C-AE2B-9B572A1A5815}"
EndProject
Project("{8BC9CEB8-8B4A-11D0-8D11-00A0C91BC942}") = "kbddaapplevm", "keyboards\kbddaapplevm\kbddaapplevm.vcxproj", "{120B27BA-DB98-4EB0-85D2-1356DF6F53DA}"
EndProject
Project("{8BC9CEB8-8B4A-11D0-8D11-00A0C91BC942}") = "kbdczapplevm", "keyboards\kbdczapplevm\kbdczapplevm.vcxproj", "{BA3ADA1A-B92B-4EF1-B9A7-EFE12A05DF91}"
EndProject
Project("{8BC9CEB8-8B4A-11D0-8D11-00A0C91BC942}") = "kbddeapplevm", "keyboards\kbddeapplevm\kbddeapplevm.vcxproj", "{8D9F2AF0-5D8D-49F3-98B0-F249883D085C}"
EndProject
Project("{8BC9CEB8-8B4A-11D0-8D11-00A0C91BC942}") = "kbdduapplevm", "keyboards\kbdduapplevm\kbdduapplevm.vcxproj", "{202AF8FE-A8B8-4E87-9A0B-537A804E9622}"
EndProject
Project("{8BC9CEB8-8B4A-11D0-8D11-00A0C91BC942}") = "kbddvapplevm", "keyboards\kbddvapplevm\kbddvapplevm.vcxproj", "{5DDCB6C1-19E0-486B-9501-A369686DF454}"
EndProject
Project("{8BC9CEB8-8B4A-11D0-8D11-00A0C91BC942}") = "kbdejapplevm", "keyboards\kbdejapplevm\kbdejapplevm.vcxproj", "{822550C2-AD05-4ED2-9D9D-6201886C9728}"
EndProject
Project("{8BC9CEB8-8B4A-11D0-8D11-00A0C91BC942}") = "kbdusapplevm", "keyboards\kbdusapplevm\kbdusapplevm.vcxproj", "{CECEC19C-9270-4023-882F-DD183F7CAC3E}"
EndProject
Project("{8BC9CEB8-8B4A-11D0-8D11-00A0C91BC942}") = "kbdurapplevm", "keyboards\kbdurapplevm\kbdurapplevm.vcxproj", "{09833471-53E2-4CDD-8892-EE1D8AC287F3}"
EndProject
Project("{8BC9CEB8-8B4A-11D0-8D11-00A0C91BC942}") = "kbdukapplevm", "keyboards\kbdukapplevm\kbdukapplevm.vcxproj", "{AD29A446-DE27-4E15-985D-E6C79E79FBFD}"
EndProject
Project("{8BC9CEB8-8B4A-11D0-8D11-00A0C91BC942}") = "kbduiapplevm", "keyboards\kbduiapplevm\kbduiapplevm.vcxproj", "{A9DB43BC-3925-423D-A8E7-4155BBDBB784}"
EndProject
Project("{8BC9CEB8-8B4A-11D0-8D11-00A0C91BC942}") = "kbdszapplevm", "keyboards\kbdszapplevm\kbdszapplevm.vcxproj", "{3D843817-C10F-4037-853D-AABBA6DD24E4}"
EndProject
Project("{8BC9CEB8-8B4A-11D0-8D11-00A0C91BC942}") = "kbdswapplevm", "keyboards\kbdswapplevm\kbdswapplevm.vcxproj", "{22427B48-1D18-44D5-B431-60803A4514F5}"
EndProject
Project("{8BC9CEB8-8B4A-11D0-8D11-00A0C91BC942}") = "kbdspapplevm", "keyboards\kbdspapplevm\kbdspapplevm.vcxproj", "{A88ADE7A-F14D-4E55-A2BE-D9E8419DB058}"
EndProject
Project("{8BC9CEB8-8B4A-11D0-8D11-00A0C91BC942}") = "kbdsgapplevm", "keyboards\kbdsgapplevm\kbdsgapplevm.vcxproj", "{15B3E74B-99C1-42F3-9B31-CD74E8564F61}"
EndProject
Project("{8BC9CEB8-8B4A-11D0-8D11-00A0C91BC942}") = "kbdruapplevm", "keyboards\kbdruapplevm\kbdruapplevm.vcxproj", "{34918BFB-E471-4429-8748-79F45E48474B}"
EndProject
Project("{8BC9CEB8-8B4A-11D0-8D11-00A0C91BC942}") = "kbdpoapplevm", "keyboards\kbdpoapplevm\kbdpoapplevm.vcxproj", "{94FEDC2E-C792-44A1-A501-7900D64AD963}"
EndProject
Project("{8BC9CEB8-8B4A-11D0-8D11-00A0C91BC942}") = "kbdplapplevm", "keyboards\kbdplapplevm\kbdplapplevm.vcxproj", "{3C85962D-3AC2-45FA-A503-2805CDAB4F28}"
EndProject
Project("{8BC9CEB8-8B4A-11D0-8D11-00A0C91BC942}") = "kbdnoapplevm", "keyboards\kbdnoapplevm\kbdnoapplevm.vcxproj", "{49FF28E6-97F1-4A08-9D0F-2F69A6AAFA0A}"
EndProject
Project("{8BC9CEB8-8B4A-11D0-8D11-00A0C91BC942}") = "kbditapplevm", "keyboards\kbditapplevm\kbditapplevm.vcxproj", "{51072C18-9DF5-4426-B3DF-13B6607FF649}"
EndProject
Project("{8BC9CEB8-8B4A-11D0-8D11-00A0C91BC942}") = "kbdfrapplevm", "keyboards\kbdfrapplevm\kbdfrapplevm.vcxproj", "{C7E5E4A6-1BA6-4DB8-B202-B3253C6175C1}"
EndProject
Project("{8BC9CEB8-8B4A-11D0-8D11-00A0C91BC942}") = "kbdfiapplevm", "keyboards\kbdfiapplevm\kbdfiapplevm.vcxproj", "{3ECB0B49-CAA1-413C-B34C-95717F190961}"
EndProject
Project("{8BC9CEB8-8B4A-11D0-8D11-00A0C91BC942}") = "kbdfrnodead", "keyboards\kbdfrnodead\kbdfrnodead.vcxproj", "{967B4EB5-5348-44A7-A887-081C55A9EF84}"
EndProject
Project("{8BC9CEB8-8B4A-11D0-8D11-00A0C91BC942}") = "kbduaapple", "keyboards\kbduaapple\kbduaapple.vcxproj", "{0A99DCE3-5295-45F9-8B8D-FF687EA0BDB5}"
EndProject
Project("{8BC9CEB8-8B4A-11D0-8D11-00A0C91BC942}") = "kbduaapplevm", "keyboards\kbduaapplevm\kbduaapplevm.vcxproj", "{FAB8B2B4-80C5-4567-870C-315242E304F8}"
EndProject
Project("{8BC9CEB8-8B4A-11D0-8D11-00A0C91BC942}") = "kbdpdvapple", "keyboards\kbdpdvapple\kbdpdvapple.vcxproj", "{849791C7-9088-449F-B88A-668C089C51AA}"
EndProject
Project("{8BC9CEB8-8B4A-11D0-8D11-00A0C91BC942}") = "kbdpljis", "keyboards\kbdpljis\kbdpljis.vcxproj", "{9019A40A-72D5-4A09-ABB9-12D46FE3F24C}"
EndProject
Global
	GlobalSection(SolutionConfigurationPlatforms) = preSolution
		Debug|arm64 = Debug|arm64
		Debug|x64 = Debug|x64
		Debug|x86 = Debug|x86
		Release|arm64 = Release|arm64
		Release|x64 = Release|x64
		Release|x86 = Release|x86
	EndGlobalSection
	GlobalSection(ProjectConfigurationPlatforms) = postSolution
		{E5907DD3-DE08-46B4-94CF-E7657CAD02A8}.Debug|arm64.ActiveCfg = Debug|arm64
		{E5907DD3-DE08-46B4-94CF-E7657CAD02A8}.Debug|arm64.Build.0 = Debug|arm64
		{E5907DD3-DE08-46B4-94CF-E7657CAD02A8}.Debug|x64.ActiveCfg = Debug|x64
		{E5907DD3-DE08-46B4-94CF-E7657CAD02A8}.Debug|x64.Build.0 = Debug|x64
		{E5907DD3-DE08-46B4-94CF-E7657CAD02A8}.Debug|x86.ActiveCfg = Debug|Win32
		{E5907DD3-DE08-46B4-94CF-E7657CAD02A8}.Debug|x86.Build.0 = Debug|Win32
		{E5907DD3-DE08-46B4-94CF-E7657CAD02A8}.Release|arm64.ActiveCfg = Release|arm64
		{E5907DD3-DE08-46B4-94CF-E7657CAD02A8}.Release|arm64.Build.0 = Release|arm64
		{E5907DD3-DE08-46B4-94CF-E7657CAD02A8}.Release|x64.ActiveCfg = Release|x64
		{E5907DD3-DE08-46B4-94CF-E7657CAD02A8}.Release|x64.Build.0 = Release|x64
		{E5907DD3-DE08-46B4-94CF-E7657CAD02A8}.Release|x86.ActiveCfg = Release|Win32
		{E5907DD3-DE08-46B4-94CF-E7657CAD02A8}.Release|x86.Build.0 = Release|Win32
		{599FF9E1-4CB8-4511-9D55-A5CBC6191DC3}.Debug|arm64.ActiveCfg = Debug|arm64
		{599FF9E1-4CB8-4511-9D55-A5CBC6191DC3}.Debug|arm64.Build.0 = Debug|arm64
		{599FF9E1-4CB8-4511-9D55-A5CBC6191DC3}.Debug|x64.ActiveCfg = Debug|x64
		{599FF9E1-4CB8-4511-9D55-A5CBC6191DC3}.Debug|x64.Build.0 = Debug|x64
		{599FF9E1-4CB8-4511-9D55-A5CBC6191DC3}.Debug|x86.ActiveCfg = Debug|Win32
		{599FF9E1-4CB8-4511-9D55-A5CBC6191DC3}.Debug|x86.Build.0 = Debug|Win32
		{599FF9E1-4CB8-4511-9D55-A5CBC6191DC3}.Release|arm64.ActiveCfg = Release|arm64
		{599FF9E1-4CB8-4511-9D55-A5CBC6191DC3}.Release|arm64.Build.0 = Release|arm64
		{599FF9E1-4CB8-4511-9D55-A5CBC6191DC3}.Release|x64.ActiveCfg = Release|x64
		{599FF9E1-4CB8-4511-9D55-A5CBC6191DC3}.Release|x64.Build.0 = Release|x64
		{599FF9E1-4CB8-4511-9D55-A5CBC6191DC3}.Release|x86.ActiveCfg = Release|Win32
		{599FF9E1-4CB8-4511-9D55-A5CBC6191DC3}.Release|x86.Build.0 = Release|Win32
		{38202AFE-E69D-4994-8943-8F39164776D1}.Debug|arm64.ActiveCfg = Debug|arm64
		{38202AFE-E69D-4994-8943-8F39164776D1}.Debug|arm64.Build.0 = Debug|arm64
		{38202AFE-E69D-4994-8943-8F39164776D1}.Debug|x64.ActiveCfg = Debug|x64
		{38202AFE-E69D-4994-8943-8F39164776D1}.Debug|x64.Build.0 = Debug|x64
		{38202AFE-E69D-4994-8943-8F39164776D1}.Debug|x86.ActiveCfg = Debug|Win32
		{38202AFE-E69D-4994-8943-8F39164776D1}.Debug|x86.Build.0 = Debug|Win32
		{38202AFE-E69D-4994-8943-8F39164776D1}.Release|arm64.ActiveCfg = Release|arm64
		{38202AFE-E69D-4994-8943-8F39164776D1}.Release|arm64.Build.0 = Release|arm64
		{38202AFE-E69D-4994-8943-8F39164776D1}.Release|x64.ActiveCfg = Release|x64
		{38202AFE-E69D-4994-8943-8F39164776D1}.Release|x64.Build.0 = Release|x64
		{38202AFE-E69D-4994-8943-8F39164776D1}.Release|x86.ActiveCfg = Release|Win32
		{38202AFE-E69D-4994-8943-8F39164776D1}.Release|x86.Build.0 = Release|Win32
		{29BD96E0-B6C5-42A0-B683-FD9740810600}.Debug|arm64.ActiveCfg = Debug|arm64
		{29BD96E0-B6C5-42A0-B683-FD9740810600}.Debug|arm64.Build.0 = Debug|arm64
		{29BD96E0-B6C5-42A0-B683-FD9740810600}.Debug|x64.ActiveCfg = Debug|x64
		{29BD96E0-B6C5-42A0-B683-FD9740810600}.Debug|x64.Build.0 = Debug|x64
		{29BD96E0-B6C5-42A0-B683-FD9740810600}.Debug|x86.ActiveCfg = Debug|Win32
		{29BD96E0-B6C5-42A0-B683-FD9740810600}.Debug|x86.Build.0 = Debug|Win32
		{29BD96E0-B6C5-42A0-B683-FD9740810600}.Release|arm64.ActiveCfg = Release|arm64
		{29BD96E0-B6C5-42A0-B683-FD9740810600}.Release|arm64.Build.0 = Release|arm64
		{29BD96E0-B6C5-42A0-B683-FD9740810600}.Release|x64.ActiveCfg = Release|x64
		{29BD96E0-B6C5-42A0-B683-FD9740810600}.Release|x64.Build.0 = Release|x64
		{29BD96E0-B6C5-42A0-B683-FD9740810600}.Release|x86.ActiveCfg = Release|Win32
		{29BD96E0-B6C5-42A0-B683-FD9740810600}.Release|x86.Build.0 = Release|Win32
		{B9B80495-01BA-4AFD-99FE-F87822FB832C}.Debug|arm64.ActiveCfg = Debug|arm64
		{B9B80495-01BA-4AFD-99FE-F87822FB832C}.Debug|arm64.Build.0 = Debug|arm64
		{B9B80495-01BA-4AFD-99FE-F87822FB832C}.Debug|x64.ActiveCfg = Debug|x64
		{B9B80495-01BA-4AFD-99FE-F87822FB832C}.Debug|x64.Build.0 = Debug|x64
		{B9B80495-01BA-4AFD-99FE-F87822FB832C}.Debug|x86.ActiveCfg = Debug|Win32
		{B9B80495-01BA-4AFD-99FE-F87822FB832C}.Debug|x86.Build.0 = Debug|Win32
		{B9B80495-01BA-4AFD-99FE-F87822FB832C}.Release|arm64.ActiveCfg = Release|arm64
		{B9B80495-01BA-4AFD-99FE-F87822FB832C}.Release|arm64.Build.0 = Release|arm64
		{B9B80495-01BA-4AFD-99FE-F87822FB832C}.Release|x64.ActiveCfg = Release|x64
		{B9B80495-01BA-4AFD-99FE-F87822FB832C}.Release|x64.Build.0 = Release|x64
		{B9B80495-01BA-4AFD-99FE-F87822FB832C}.Release|x86.ActiveCfg = Release|Win32
		{B9B80495-01BA-4AFD-99FE-F87822FB832C}.Release|x86.Build.0 = Release|Win32
		{DCCE0BD5-25A8-49E2-A7DA-754E22935020}.Debug|arm64.ActiveCfg = Debug|arm64
		{DCCE0BD5-25A8-49E2-A7DA-754E22935020}.Debug|arm64.Build.0 = Debug|arm64
		{DCCE0BD5-25A8-49E2-A7DA-754E22935020}.Debug|x64.ActiveCfg = Debug|x64
		{DCCE0BD5-25A8-49E2-A7DA-754E22935020}.Debug|x64.Build.0 = Debug|x64
		{DCCE0BD5-25A8-49E2-A7DA-754E22935020}.Debug|x86.ActiveCfg = Debug|Win32
		{DCCE0BD5-25A8-49E2-A7DA-754E22935020}.Debug|x86.Build.0 = Debug|Win32
		{DCCE0BD5-25A8-49E2-A7DA-754E22935020}.Release|arm64.ActiveCfg = Release|arm64
		{DCCE0BD5-25A8-49E2-A7DA-754E22935020}.Release|arm64.Build.0 = Release|arm64
		{DCCE0BD5-25A8-49E2-A7DA-754E22935020}.Release|x64.ActiveCfg = Release|x64
		{DCCE0BD5-25A8-49E2-A7DA-754E22935020}.Release|x64.Build.0 = Release|x64
		{DCCE0BD5-25A8-49E2-A7DA-754E22935020}.Release|x86.ActiveCfg = Release|Win32
		{DCCE0BD5-25A8-49E2-A7DA-754E22935020}.Release|x86.Build.0 = Release|Win32
		{17469F2D-C088-4F5F-8FBB-74B558E14D7B}.Debug|arm64.ActiveCfg = Debug|arm64
		{17469F2D-C088-4F5F-8FBB-74B558E14D7B}.Debug|arm64.Build.0 = Debug|arm64
		{17469F2D-C088-4F5F-8FBB-74B558E14D7B}.Debug|x64.ActiveCfg = Debug|x64
		{17469F2D-C088-4F5F-8FBB-74B558E14D7B}.Debug|x64.Build.0 = Debug|x64
		{17469F2D-C088-4F5F-8FBB-74B558E14D7B}.Debug|x86.ActiveCfg = Debug|Win32
		{17469F2D-C088-4F5F-8FBB-74B558E14D7B}.Debug|x86.Build.0 = Debug|Win32
		{17469F2D-C088-4F5F-8FBB-74B558E14D7B}.Release|arm64.ActiveCfg = Release|arm64
		{17469F2D-C088-4F5F-8FBB-74B558E14D7B}.Release|arm64.Build.0 = Release|arm64
		{17469F2D-C088-4F5F-8FBB-74B558E14D7B}.Release|x64.ActiveCfg = Release|x64
		{17469F2D-C088-4F5F-8FBB-74B558E14D7B}.Release|x64.Build.0 = Release|x64
		{17469F2D-C088-4F5F-8FBB-74B558E14D7B}.Release|x86.ActiveCfg = Release|Win32
		{17469F2D-C088-4F5F-8FBB-74B558E14D7B}.Release|x86.Build.0 = Release|Win32
		{C6E90E80-11BA-4790-80D0-7E237D9B0B98}.Debug|arm64.ActiveCfg = Debug|arm64
		{C6E90E80-11BA-4790-80D0-7E237D9B0B98}.Debug|arm64.Build.0 = Debug|arm64
		{C6E90E80-11BA-4790-80D0-7E237D9B0B98}.Debug|x64.ActiveCfg = Debug|x64
		{C6E90E80-11BA-4790-80D0-7E237D9B0B98}.Debug|x64.Build.0 = Debug|x64
		{C6E90E80-11BA-4790-80D0-7E237D9B0B98}.Debug|x86.ActiveCfg = Debug|Win32
		{C6E90E80-11BA-4790-80D0-7E237D9B0B98}.Debug|x86.Build.0 = Debug|Win32
		{C6E90E80-11BA-4790-80D0-7E237D9B0B98}.Release|arm64.ActiveCfg = Release|arm64
		{C6E90E80-11BA-4790-80D0-7E237D9B0B98}.Release|arm64.Build.0 = Release|arm64
		{C6E90E80-11BA-4790-80D0-7E237D9B0B98}.Release|x64.ActiveCfg = Release|x64
		{C6E90E80-11BA-4790-80D0-7E237D9B0B98}.Release|x64.Build.0 = Release|x64
		{C6E90E80-11BA-4790-80D0-7E237D9B0B98}.Release|x86.ActiveCfg = Release|Win32
		{C6E90E80-11BA-4790-80D0-7E237D9B0B98}.Release|x86.Build.0 = Release|Win32
		{72B3FD20-55F9-4B10-9C0B-AC8150590B2B}.Debug|arm64.ActiveCfg = Debug|arm64
		{72B3FD20-55F9-4B10-9C0B-AC8150590B2B}.Debug|arm64.Build.0 = Debug|arm64
		{72B3FD20-55F9-4B10-9C0B-AC8150590B2B}.Debug|x64.ActiveCfg = Debug|x64
		{72B3FD20-55F9-4B10-9C0B-AC8150590B2B}.Debug|x64.Build.0 = Debug|x64
		{72B3FD20-55F9-4B10-9C0B-AC8150590B2B}.Debug|x86.ActiveCfg = Debug|Win32
		{72B3FD20-55F9-4B10-9C0B-AC8150590B2B}.Debug|x86.Build.0 = Debug|Win32
		{72B3FD20-55F9-4B10-9C0B-AC8150590B2B}.Release|arm64.ActiveCfg = Release|arm64
		{72B3FD20-55F9-4B10-9C0B-AC8150590B2B}.Release|arm64.Build.0 = Release|arm64
		{72B3FD20-55F9-4B10-9C0B-AC8150590B2B}.Release|x64.ActiveCfg = Release|x64
		{72B3FD20-55F9-4B10-9C0B-AC8150590B2B}.Release|x64.Build.0 = Release|x64
		{72B3FD20-55F9-4B10-9C0B-AC8150590B2B}.Release|x86.ActiveCfg = Release|Win32
		{72B3FD20-55F9-4B10-9C0B-AC8150590B2B}.Release|x86.Build.0 = Release|Win32
		{849E4331-E1A1-406E-A6C0-03100337A62A}.Debug|arm64.ActiveCfg = Debug|arm64
		{849E4331-E1A1-406E-A6C0-03100337A62A}.Debug|arm64.Build.0 = Debug|arm64
		{849E4331-E1A1-406E-A6C0-03100337A62A}.Debug|x64.ActiveCfg = Debug|x64
		{849E4331-E1A1-406E-A6C0-03100337A62A}.Debug|x64.Build.0 = Debug|x64
		{849E4331-E1A1-406E-A6C0-03100337A62A}.Debug|x86.ActiveCfg = Debug|Win32
		{849E4331-E1A1-406E-A6C0-03100337A62A}.Debug|x86.Build.0 = Debug|Win32
		{849E4331-E1A1-406E-A6C0-03100337A62A}.Release|arm64.ActiveCfg = Release|arm64
		{849E4331-E1A1-406E-A6C0-03100337A62A}.Release|arm64.Build.0 = Release|arm64
		{849E4331-E1A1-406E-A6C0-03100337A62A}.Release|x64.ActiveCfg = Release|x64
		{849E4331-E1A1-406E-A6C0-03100337A62A}.Release|x64.Build.0 = Release|x64
		{849E4331-E1A1-406E-A6C0-03100337A62A}.Release|x86.ActiveCfg = Release|Win32
		{849E4331-E1A1-406E-A6C0-03100337A62A}.Release|x86.Build.0 = Release|Win32
		{9D2C48DC-EECB-4026-ABFB-FC7A86D01BC9}.Debug|arm64.ActiveCfg = Debug|arm64
		{9D2C48DC-EECB-4026-ABFB-FC7A86D01BC9}.Debug|arm64.Build.0 = Debug|arm64
		{9D2C48DC-EECB-4026-ABFB-FC7A86D01BC9}.Debug|x64.ActiveCfg = Debug|x64
		{9D2C48DC-EECB-4026-ABFB-FC7A86D01BC9}.Debug|x64.Build.0 = Debug|x64
		{9D2C48DC-EECB-4026-ABFB-FC7A86D01BC9}.Debug|x86.ActiveCfg = Debug|Win32
		{9D2C48DC-EECB-4026-ABFB-FC7A86D01BC9}.Debug|x86.Build.0 = Debug|Win32
		{9D2C48DC-EECB-4026-ABFB-FC7A86D01BC9}.Release|arm64.ActiveCfg = Release|arm64
		{9D2C48DC-EECB-4026-ABFB-FC7A86D01BC9}.Release|arm64.Build.0 = Release|arm64
		{9D2C48DC-EECB-4026-ABFB-FC7A86D01BC9}.Release|x64.ActiveCfg = Release|x64
		{9D2C48DC-EECB-4026-ABFB-FC7A86D01BC9}.Release|x64.Build.0 = Release|x64
		{9D2C48DC-EECB-4026-ABFB-FC7A86D01BC9}.Release|x86.ActiveCfg = Release|Win32
		{9D2C48DC-EECB-4026-ABFB-FC7A86D01BC9}.Release|x86.Build.0 = Release|Win32
		{F2AA080D-76EF-4CB9-A3E4-1C95CA311037}.Debug|arm64.ActiveCfg = Debug|arm64
		{F2AA080D-76EF-4CB9-A3E4-1C95CA311037}.Debug|arm64.Build.0 = Debug|arm64
		{F2AA080D-76EF-4CB9-A3E4-1C95CA311037}.Debug|x64.ActiveCfg = Debug|x64
		{F2AA080D-76EF-4CB9-A3E4-1C95CA311037}.Debug|x64.Build.0 = Debug|x64
		{F2AA080D-76EF-4CB9-A3E4-1C95CA311037}.Debug|x86.ActiveCfg = Debug|Win32
		{F2AA080D-76EF-4CB9-A3E4-1C95CA311037}.Debug|x86.Build.0 = Debug|Win32
		{F2AA080D-76EF-4CB9-A3E4-1C95CA311037}.Release|arm64.ActiveCfg = Release|arm64
		{F2AA080D-76EF-4CB9-A3E4-1C95CA311037}.Release|arm64.Build.0 = Release|arm64
		{F2AA080D-76EF-4CB9-A3E4-1C95CA311037}.Release|x64.ActiveCfg = Release|x64
		{F2AA080D-76EF-4CB9-A3E4-1C95CA311037}.Release|x64.Build.0 = Release|x64
		{F2AA080D-76EF-4CB9-A3E4-1C95CA311037}.Release|x86.ActiveCfg = Release|Win32
		{F2AA080D-76EF-4CB9-A3E4-1C95CA311037}.Release|x86.Build.0 = Release|Win32
		{78AA2EFB-1E77-40CA-8CCD-1A94CCBA1593}.Debug|arm64.ActiveCfg = Debug|arm64
		{78AA2EFB-1E77-40CA-8CCD-1A94CCBA1593}.Debug|arm64.Build.0 = Debug|arm64
		{78AA2EFB-1E77-40CA-8CCD-1A94CCBA1593}.Debug|x64.ActiveCfg = Debug|x64
		{78AA2EFB-1E77-40CA-8CCD-1A94CCBA1593}.Debug|x64.Build.0 = Debug|x64
		{78AA2EFB-1E77-40CA-8CCD-1A94CCBA1593}.Debug|x86.ActiveCfg = Debug|Win32
		{78AA2EFB-1E77-40CA-8CCD-1A94CCBA1593}.Debug|x86.Build.0 = Debug|Win32
		{78AA2EFB-1E77-40CA-8CCD-1A94CCBA1593}.Release|arm64.ActiveCfg = Release|arm64
		{78AA2EFB-1E77-40CA-8CCD-1A94CCBA1593}.Release|arm64.Build.0 = Release|arm64
		{78AA2EFB-1E77-40CA-8CCD-1A94CCBA1593}.Release|x64.ActiveCfg = Release|x64
		{78AA2EFB-1E77-40CA-8CCD-1A94CCBA1593}.Release|x64.Build.0 = Release|x64
		{78AA2EFB-1E77-40CA-8CCD-1A94CCBA1593}.Release|x86.ActiveCfg = Release|Win32
		{78AA2EFB-1E77-40CA-8CCD-1A94CCBA1593}.Release|x86.Build.0 = Release|Win32
		{81B54633-81B3-4A8A-9AAA-A8A2EAEFF651}.Debug|arm64.ActiveCfg = Debug|arm64
		{81B54633-81B3-4A8A-9AAA-A8A2EAEFF651}.Debug|arm64.Build.0 = Debug|arm64
		{81B54633-81B3-4A8A-9AAA-A8A2EAEFF651}.Debug|x64.ActiveCfg = Debug|x64
		{81B54633-81B3-4A8A-9AAA-A8A2EAEFF651}.Debug|x64.Build.0 = Debug|x64
		{81B54633-81B3-4A8A-9AAA-A8A2EAEFF651}.Debug|x86.ActiveCfg = Debug|Win32
		{81B54633-81B3-4A8A-9AAA-A8A2EAEFF651}.Debug|x86.Build.0 = Debug|Win32
		{81B54633-81B3-4A8A-9AAA-A8A2EAEFF651}.Release|arm64.ActiveCfg = Release|arm64
		{81B54633-81B3-4A8A-9AAA-A8A2EAEFF651}.Release|arm64.Build.0 = Release|arm64
		{81B54633-81B3-4A8A-9AAA-A8A2EAEFF651}.Release|x64.ActiveCfg = Release|x64
		{81B54633-81B3-4A8A-9AAA-A8A2EAEFF651}.Release|x64.Build.0 = Release|x64
		{81B54633-81B3-4A8A-9AAA-A8A2EAEFF651}.Release|x86.ActiveCfg = Release|Win32
		{81B54633-81B3-4A8A-9AAA-A8A2EAEFF651}.Release|x86.Build.0 = Release|Win32
		{7818C31D-DA42-442D-807D-3CC0E7AE6259}.Debug|arm64.ActiveCfg = Debug|arm64
		{7818C31D-DA42-442D-807D-3CC0E7AE6259}.Debug|arm64.Build.0 = Debug|arm64
		{7818C31D-DA42-442D-807D-3CC0E7AE6259}.Debug|x64.ActiveCfg = Debug|x64
		{7818C31D-DA42-442D-807D-3CC0E7AE6259}.Debug|x64.Build.0 = Debug|x64
		{7818C31D-DA42-442D-807D-3CC0E7AE6259}.Debug|x86.ActiveCfg = Debug|Win32
		{7818C31D-DA42-442D-807D-3CC0E7AE6259}.Debug|x86.Build.0 = Debug|Win32
		{7818C31D-DA42-442D-807D-3CC0E7AE6259}.Release|arm64.ActiveCfg = Release|arm64
		{7818C31D-DA42-442D-807D-3CC0E7AE6259}.Release|arm64.Build.0 = Release|arm64
		{7818C31D-DA42-442D-807D-3CC0E7AE6259}.Release|x64.ActiveCfg = Release|x64
		{7818C31D-DA42-442D-807D-3CC0E7AE6259}.Release|x64.Build.0 = Release|x64
		{7818C31D-DA42-442D-807D-3CC0E7AE6259}.Release|x86.ActiveCfg = Release|Win32
		{7818C31D-DA42-442D-807D-3CC0E7AE6259}.Release|x86.Build.0 = Release|Win32
		{A613A0A0-9601-4B8F-AE76-C861993CE1F3}.Debug|arm64.ActiveCfg = Debug|arm64
		{A613A0A0-9601-4B8F-AE76-C861993CE1F3}.Debug|arm64.Build.0 = Debug|arm64
		{A613A0A0-9601-4B8F-AE76-C861993CE1F3}.Debug|x64.ActiveCfg = Debug|x64
		{A613A0A0-9601-4B8F-AE76-C861993CE1F3}.Debug|x64.Build.0 = Debug|x64
		{A613A0A0-9601-4B8F-AE76-C861993CE1F3}.Debug|x86.ActiveCfg = Debug|Win32
		{A613A0A0-9601-4B8F-AE76-C861993CE1F3}.Debug|x86.Build.0 = Debug|Win32
		{A613A0A0-9601-4B8F-AE76-C861993CE1F3}.Release|arm64.ActiveCfg = Release|arm64
		{A613A0A0-9601-4B8F-AE76-C861993CE1F3}.Release|arm64.Build.0 = Release|arm64
		{A613A0A0-9601-4B8F-AE76-C861993CE1F3}.Release|x64.ActiveCfg = Release|x64
		{A613A0A0-9601-4B8F-AE76-C861993CE1F3}.Release|x64.Build.0 = Release|x64
		{A613A0A0-9601-4B8F-AE76-C861993CE1F3}.Release|x86.ActiveCfg = Release|Win32
		{A613A0A0-9601-4B8F-AE76-C861993CE1F3}.Release|x86.Build.0 = Release|Win32
		{7C923FFC-728C-4449-9D00-85734024765F}.Debug|arm64.ActiveCfg = Debug|arm64
		{7C923FFC-728C-4449-9D00-85734024765F}.Debug|arm64.Build.0 = Debug|arm64
		{7C923FFC-728C-4449-9D00-85734024765F}.Debug|x64.ActiveCfg = Debug|x64
		{7C923FFC-728C-4449-9D00-85734024765F}.Debug|x64.Build.0 = Debug|x64
		{7C923FFC-728C-4449-9D00-85734024765F}.Debug|x86.ActiveCfg = Debug|Win32
		{7C923FFC-728C-4449-9D00-85734024765F}.Debug|x86.Build.0 = Debug|Win32
		{7C923FFC-728C-4449-9D00-85734024765F}.Release|arm64.ActiveCfg = Release|arm64
		{7C923FFC-728C-4449-9D00-85734024765F}.Release|arm64.Build.0 = Release|arm64
		{7C923FFC-728C-4449-9D00-85734024765F}.Release|x64.ActiveCfg = Release|x64
		{7C923FFC-728C-4449-9D00-85734024765F}.Release|x64.Build.0 = Release|x64
		{7C923FFC-728C-4449-9D00-85734024765F}.Release|x86.ActiveCfg = Release|Win32
		{7C923FFC-728C-4449-9D00-85734024765F}.Release|x86.Build.0 = Release|Win32
		{6C47178B-CA57-4CBB-98BB-CF801E09028D}.Debug|arm64.ActiveCfg = Debug|arm64
		{6C47178B-CA57-4CBB-98BB-CF801E09028D}.Debug|arm64.Build.0 = Debug|arm64
		{6C47178B-CA57-4CBB-98BB-CF801E09028D}.Debug|x64.ActiveCfg = Debug|x64
		{6C47178B-CA57-4CBB-98BB-CF801E09028D}.Debug|x64.Build.0 = Debug|x64
		{6C47178B-CA57-4CBB-98BB-CF801E09028D}.Debug|x86.ActiveCfg = Debug|Win32
		{6C47178B-CA57-4CBB-98BB-CF801E09028D}.Debug|x86.Build.0 = Debug|Win32
		{6C47178B-CA57-4CBB-98BB-CF801E09028D}.Release|arm64.ActiveCfg = Release|arm64
		{6C47178B-CA57-4CBB-98BB-CF801E09028D}.Release|arm64.Build.0 = Release|arm64
		{6C47178B-CA57-4CBB-98BB-CF801E09028D}.Release|x64.ActiveCfg = Release|x64
		{6C47178B-CA57-4CBB-98BB-CF801E09028D}.Release|x64.Build.0 = Release|x64
		{6C47178B-CA57-4CBB-98BB-CF801E09028D}.Release|x86.ActiveCfg = Release|Win32
		{6C47178B-CA57-4CBB-98BB-CF801E09028D}.Release|x86.Build.0 = Release|Win32
		{5E9AC9DB-6149-4251-9947-908B6ED25E82}.Debug|arm64.ActiveCfg = Debug|arm64
		{5E9AC9DB-6149-4251-9947-908B6ED25E82}.Debug|arm64.Build.0 = Debug|arm64
		{5E9AC9DB-6149-4251-9947-908B6ED25E82}.Debug|x64.ActiveCfg = Debug|x64
		{5E9AC9DB-6149-4251-9947-908B6ED25E82}.Debug|x64.Build.0 = Debug|x64
		{5E9AC9DB-6149-4251-9947-908B6ED25E82}.Debug|x86.ActiveCfg = Debug|Win32
		{5E9AC9DB-6149-4251-9947-908B6ED25E82}.Debug|x86.Build.0 = Debug|Win32
		{5E9AC9DB-6149-4251-9947-908B6ED25E82}.Release|arm64.ActiveCfg = Release|arm64
		{5E9AC9DB-6149-4251-9947-908B6ED25E82}.Release|arm64.Build.0 = Release|arm64
		{5E9AC9DB-6149-4251-9947-908B6ED25E82}.Release|x64.ActiveCfg = Release|x64
		{5E9AC9DB-6149-4251-9947-908B6ED25E82}.Release|x64.Build.0 = Release|x64
		{5E9AC9DB-6149-4251-9947-908B6ED25E82}.Release|x86.ActiveCfg = Release|Win32
		{5E9AC9DB-6149-4251-9947-908B6ED25E82}.Release|x86.Build.0 = Release|Win32
		{B64E9AE5-5A84-4E43-9340-604F9009D525}.Debug|arm64.ActiveCfg = Debug|arm64
		{B64E9AE5-5A84-4E43-9340-604F9009D525}.Debug|arm64.Build.0 = Debug|arm64
		{B64E9AE5-5A84-4E43-9340-604F9009D525}.Debug|x64.ActiveCfg = Debug|x64
		{B64E9AE5-5A84-4E43-9340-604F9009D525}.Debug|x64.Build.0 = Debug|x64
		{B64E9AE5-5A84-4E43-9340-604F9009D525}.Debug|x86.ActiveCfg = Debug|Win32
		{B64E9AE5-5A84-4E43-9340-604F9009D525}.Debug|x86.Build.0 = Debug|Win32
		{B64E9AE5-5A84-4E43-9340-604F9009D525}.Release|arm64.ActiveCfg = Release|arm64
		{B64E9AE5-5A84-4E43-9340-604F9009D525}.Release|arm64.Build.0 = Release|arm64
		{B64E9AE5-5A84-4E43-9340-604F9009D525}.Release|x64.ActiveCfg = Release|x64
		{B64E9AE5-5A84-4E43-9340-604F9009D525}.Release|x64.Build.0 = Release|x64
		{B64E9AE5-5A84-4E43-9340-604F9009D525}.Release|x86.ActiveCfg = Release|Win32
		{B64E9AE5-5A84-4E43-9340-604F9009D525}.Release|x86.Build.0 = Release|Win32
		{F2C41E2F-915F-4ED5-9EFC-14B3665DAE49}.Debug|arm64.ActiveCfg = Debug|arm64
		{F2C41E2F-915F-4ED5-9EFC-14B3665DAE49}.Debug|arm64.Build.0 = Debug|arm64
		{F2C41E2F-915F-4ED5-9EFC-14B3665DAE49}.Debug|x64.ActiveCfg = Debug|x64
		{F2C41E2F-915F-4ED5-9EFC-14B3665DAE49}.Debug|x64.Build.0 = Debug|x64
		{F2C41E2F-915F-4ED5-9EFC-14B3665DAE49}.Debug|x86.ActiveCfg = Debug|Win32
		{F2C41E2F-915F-4ED5-9EFC-14B3665DAE49}.Debug|x86.Build.0 = Debug|Win32
		{F2C41E2F-915F-4ED5-9EFC-14B3665DAE49}.Release|arm64.ActiveCfg = Release|arm64
		{F2C41E2F-915F-4ED5-9EFC-14B3665DAE49}.Release|arm64.Build.0 = Release|arm64
		{F2C41E2F-915F-4ED5-9EFC-14B3665DAE49}.Release|x64.ActiveCfg = Release|x64
		{F2C41E2F-915F-4ED5-9EFC-14B3665DAE49}.Release|x64.Build.0 = Release|x64
		{F2C41E2F-915F-4ED5-9EFC-14B3665DAE49}.Release|x86.ActiveCfg = Release|Win32
		{F2C41E2F-915F-4ED5-9EFC-14B3665DAE49}.Release|x86.Build.0 = Release|Win32
		{4D09666E-402D-4F2D-B2C3-1DDACF35032E}.Debug|arm64.ActiveCfg = Debug|arm64
		{4D09666E-402D-4F2D-B2C3-1DDACF35032E}.Debug|arm64.Build.0 = Debug|arm64
		{4D09666E-402D-4F2D-B2C3-1DDACF35032E}.Debug|x64.ActiveCfg = Debug|x64
		{4D09666E-402D-4F2D-B2C3-1DDACF35032E}.Debug|x64.Build.0 = Debug|x64
		{4D09666E-402D-4F2D-B2C3-1DDACF35032E}.Debug|x86.ActiveCfg = Debug|Win32
		{4D09666E-402D-4F2D-B2C3-1DDACF35032E}.Debug|x86.Build.0 = Debug|Win32
		{4D09666E-402D-4F2D-B2C3-1DDACF35032E}.Release|arm64.ActiveCfg = Release|arm64
		{4D09666E-402D-4F2D-B2C3-1DDACF35032E}.Release|arm64.Build.0 = Release|arm64
		{4D09666E-402D-4F2D-B2C3-1DDACF35032E}.Release|x64.ActiveCfg = Release|x64
		{4D09666E-402D-4F2D-B2C3-1DDACF35032E}.Release|x64.Build.0 = Release|x64
		{4D09666E-402D-4F2D-B2C3-1DDACF35032E}.Release|x86.ActiveCfg = Release|Win32
		{4D09666E-402D-4F2D-B2C3-1DDACF35032E}.Release|x86.Build.0 = Release|Win32
		{10CE9179-0B2D-4FBB-9EA7-EC8A3EE06D06}.Debug|arm64.ActiveCfg = Debug|arm64
		{10CE9179-0B2D-4FBB-9EA7-EC8A3EE06D06}.Debug|arm64.Build.0 = Debug|arm64
		{10CE9179-0B2D-4FBB-9EA7-EC8A3EE06D06}.Debug|x64.ActiveCfg = Debug|x64
		{10CE9179-0B2D-4FBB-9EA7-EC8A3EE06D06}.Debug|x64.Build.0 = Debug|x64
		{10CE9179-0B2D-4FBB-9EA7-EC8A3EE06D06}.Debug|x86.ActiveCfg = Debug|Win32
		{10CE9179-0B2D-4FBB-9EA7-EC8A3EE06D06}.Debug|x86.Build.0 = Debug|Win32
		{10CE9179-0B2D-4FBB-9EA7-EC8A3EE06D06}.Release|arm64.ActiveCfg = Release|arm64
		{10CE9179-0B2D-4FBB-9EA7-EC8A3EE06D06}.Release|arm64.Build.0 = Release|arm64
		{10CE9179-0B2D-4FBB-9EA7-EC8A3EE06D06}.Release|x64.ActiveCfg = Release|x64
		{10CE9179-0B2D-4FBB-9EA7-EC8A3EE06D06}.Release|x64.Build.0 = Release|x64
		{10CE9179-0B2D-4FBB-9EA7-EC8A3EE06D06}.Release|x86.ActiveCfg = Release|Win32
		{10CE9179-0B2D-4FBB-9EA7-EC8A3EE06D06}.Release|x86.Build.0 = Release|Win32
		{2C57A424-E1C6-4BDC-BD5C-D13AD5A53F2E}.Debug|arm64.ActiveCfg = Debug|arm64
		{2C57A424-E1C6-4BDC-BD5C-D13AD5A53F2E}.Debug|arm64.Build.0 = Debug|arm64
		{2C57A424-E1C6-4BDC-BD5C-D13AD5A53F2E}.Debug|x64.ActiveCfg = Debug|x64
		{2C57A424-E1C6-4BDC-BD5C-D13AD5A53F2E}.Debug|x64.Build.0 = Debug|x64
		{2C57A424-E1C6-4BDC-BD5C-D13AD5A53F2E}.Debug|x86.ActiveCfg = Debug|Win32
		{2C57A424-E1C6-4BDC-BD5C-D13AD5A53F2E}.Debug|x86.Build.0 = Debug|Win32
		{2C57A424-E1C6-4BDC-BD5C-D13AD5A53F2E}.Release|arm64.ActiveCfg = Release|arm64
		{2C57A424-E1C6-4BDC-BD5C-D13AD5A53F2E}.Release|arm64.Build.0 = Release|arm64
		{2C57A424-E1C6-4BDC-BD5C-D13AD5A53F2E}.Release|x64.ActiveCfg = Release|x64
		{2C57A424-E1C6-4BDC-BD5C-D13AD5A53F2E}.Release|x64.Build.0 = Release|x64
		{2C57A424-E1C6-4BDC-BD5C-D13AD5A53F2E}.Release|x86.ActiveCfg = Release|Win32
		{2C57A424-E1C6-4BDC-BD5C-D13AD5A53F2E}.Release|x86.Build.0 = Release|Win32
		{F00074E3-6C20-4997-A7CB-8A9E44AB3661}.Debug|arm64.ActiveCfg = Debug|arm64
		{F00074E3-6C20-4997-A7CB-8A9E44AB3661}.Debug|arm64.Build.0 = Debug|arm64
		{F00074E3-6C20-4997-A7CB-8A9E44AB3661}.Debug|x64.ActiveCfg = Debug|x64
		{F00074E3-6C20-4997-A7CB-8A9E44AB3661}.Debug|x64.Build.0 = Debug|x64
		{F00074E3-6C20-4997-A7CB-8A9E44AB3661}.Debug|x86.ActiveCfg = Debug|Win32
		{F00074E3-6C20-4997-A7CB-8A9E44AB3661}.Debug|x86.Build.0 = Debug|Win32
		{F00074E3-6C20-4997-A7CB-8A9E44AB3661}.Release|arm64.ActiveCfg = Release|arm64
		{F00074E3-6C20-4997-A7CB-8A9E44AB3661}.Release|arm64.Build.0 = Release|arm64
		{F00074E3-6C20-4997-A7CB-8A9E44AB3661}.Release|x64.ActiveCfg = Release|x64
		{F00074E3-6C20-4997-A7CB-8A9E44AB3661}.Release|x64.Build.0 = Release|x64
		{F00074E3-6C20-4997-A7CB-8A9E44AB3661}.Release|x86.ActiveCfg = Release|Win32
		{F00074E3-6C20-4997-A7CB-8A9E44AB3661}.Release|x86.Build.0 = Release|Win32
		{391CBC76-2100-4981-9B39-1D2F2A7BE812}.Debug|arm64.ActiveCfg = Debug|arm64
		{391CBC76-2100-4981-9B39-1D2F2A7BE812}.Debug|arm64.Build.0 = Debug|arm64
		{391CBC76-2100-4981-9B39-1D2F2A7BE812}.Debug|x64.ActiveCfg = Debug|x64
		{391CBC76-2100-4981-9B39-1D2F2A7BE812}.Debug|x64.Build.0 = Debug|x64
		{391CBC76-2100-4981-9B39-1D2F2A7BE812}.Debug|x86.ActiveCfg = Debug|Win32
		{391CBC76-2100-4981-9B39-1D2F2A7BE812}.Debug|x86.Build.0 = Debug|Win32
		{391CBC76-2100-4981-9B39-1D2F2A7BE812}.Release|arm64.ActiveCfg = Release|arm64
		{391CBC76-2100-4981-9B39-1D2F2A7BE812}.Release|arm64.Build.0 = Release|arm64
		{391CBC76-2100-4981-9B39-1D2F2A7BE812}.Release|x64.ActiveCfg = Release|x64
		{391CBC76-2100-4981-9B39-1D2F2A7BE812}.Release|x64.Build.0 = Release|x64
		{391CBC76-2100-4981-9B39-1D2F2A7BE812}.Release|x86.ActiveCfg = Release|Win32
		{391CBC76-2100-4981-9B39-1D2F2A7BE812}.Release|x86.Build.0 = Release|Win32
		{A5928ACC-083F-42AD-9651-50185BAF8608}.Debug|arm64.ActiveCfg = Debug|arm64
		{A5928ACC-083F-42AD-9651-50185BAF8608}.Debug|arm64.Build.0 = Debug|arm64
		{A5928ACC-083F-42AD-9651-50185BAF8608}.Debug|x64.ActiveCfg = Debug|x64
		{A5928ACC-083F-42AD-9651-50185BAF8608}.Debug|x64.Build.0 = Debug|x64
		{A5928ACC-083F-42AD-9651-50185BAF8608}.Debug|x86.ActiveCfg = Debug|Win32
		{A5928ACC-083F-42AD-9651-50185BAF8608}.Debug|x86.Build.0 = Debug|Win32
		{A5928ACC-083F-42AD-9651-50185BAF8608}.Release|arm64.ActiveCfg = Release|arm64
		{A5928ACC-083F-42AD-9651-50185BAF8608}.Release|arm64.Build.0 = Release|arm64
		{A5928ACC-083F-42AD-9651-50185BAF8608}.Release|x64.ActiveCfg = Release|x64
		{A5928ACC-083F-42AD-9651-50185BAF8608}.Release|x64.Build.0 = Release|x64
		{A5928ACC-083F-42AD-9651-50185BAF8608}.Release|x86.ActiveCfg = Release|Win32
		{A5928ACC-083F-42AD-9651-50185BAF8608}.Release|x86.Build.0 = Release|Win32
		{EE807C4D-4C52-49D6-A08B-7153D5926862}.Debug|arm64.ActiveCfg = Debug|arm64
		{EE807C4D-4C52-49D6-A08B-7153D5926862}.Debug|arm64.Build.0 = Debug|arm64
		{EE807C4D-4C52-49D6-A08B-7153D5926862}.Debug|x64.ActiveCfg = Debug|x64
		{EE807C4D-4C52-49D6-A08B-7153D5926862}.Debug|x64.Build.0 = Debug|x64
		{EE807C4D-4C52-49D6-A08B-7153D5926862}.Debug|x86.ActiveCfg = Debug|Win32
		{EE807C4D-4C52-49D6-A08B-7153D5926862}.Debug|x86.Build.0 = Debug|Win32
		{EE807C4D-4C52-49D6-A08B-7153D5926862}.Release|arm64.ActiveCfg = Release|arm64
		{EE807C4D-4C52-49D6-A08B-7153D5926862}.Release|arm64.Build.0 = Release|arm64
		{EE807C4D-4C52-49D6-A08B-7153D5926862}.Release|x64.ActiveCfg = Release|x64
		{EE807C4D-4C52-49D6-A08B-7153D5926862}.Release|x64.Build.0 = Release|x64
		{EE807C4D-4C52-49D6-A08B-7153D5926862}.Release|x86.ActiveCfg = Release|Win32
		{EE807C4D-4C52-49D6-A08B-7153D5926862}.Release|x86.Build.0 = Release|Win32
		{5E6CD655-9FF5-490B-980C-FAF72F83BF75}.Debug|arm64.ActiveCfg = Debug|arm64
		{5E6CD655-9FF5-490B-980C-FAF72F83BF75}.Debug|arm64.Build.0 = Debug|arm64
		{5E6CD655-9FF5-490B-980C-FAF72F83BF75}.Debug|x64.ActiveCfg = Debug|x64
		{5E6CD655-9FF5-490B-980C-FAF72F83BF75}.Debug|x64.Build.0 = Debug|x64
		{5E6CD655-9FF5-490B-980C-FAF72F83BF75}.Debug|x86.ActiveCfg = Debug|Win32
		{5E6CD655-9FF5-490B-980C-FAF72F83BF75}.Debug|x86.Build.0 = Debug|Win32
		{5E6CD655-9FF5-490B-980C-FAF72F83BF75}.Release|arm64.ActiveCfg = Release|arm64
		{5E6CD655-9FF5-490B-980C-FAF72F83BF75}.Release|arm64.Build.0 = Release|arm64
		{5E6CD655-9FF5-490B-980C-FAF72F83BF75}.Release|x64.ActiveCfg = Release|x64
		{5E6CD655-9FF5-490B-980C-FAF72F83BF75}.Release|x64.Build.0 = Release|x64
		{5E6CD655-9FF5-490B-980C-FAF72F83BF75}.Release|x86.ActiveCfg = Release|Win32
		{5E6CD655-9FF5-490B-980C-FAF72F83BF75}.Release|x86.Build.0 = Release|Win32
		{04AD1307-1C07-4848-93FF-76005FDCC59A}.Debug|arm64.ActiveCfg = Debug|arm64
		{04AD1307-1C07-4848-93FF-76005FDCC59A}.Debug|arm64.Build.0 = Debug|arm64
		{04AD1307-1C07-4848-93FF-76005FDCC59A}.Debug|x64.ActiveCfg = Debug|x64
		{04AD1307-1C07-4848-93FF-76005FDCC59A}.Debug|x64.Build.0 = Debug|x64
		{04AD1307-1C07-4848-93FF-76005FDCC59A}.Debug|x86.ActiveCfg = Debug|Win32
		{04AD1307-1C07-4848-93FF-76005FDCC59A}.Debug|x86.Build.0 = Debug|Win32
		{04AD1307-1C07-4848-93FF-76005FDCC59A}.Release|arm64.ActiveCfg = Release|arm64
		{04AD1307-1C07-4848-93FF-76005FDCC59A}.Release|arm64.Build.0 = Release|arm64
		{04AD1307-1C07-4848-93FF-76005FDCC59A}.Release|x64.ActiveCfg = Release|x64
		{04AD1307-1C07-4848-93FF-76005FDCC59A}.Release|x64.Build.0 = Release|x64
		{04AD1307-1C07-4848-93FF-76005FDCC59A}.Release|x86.ActiveCfg = Release|Win32
		{04AD1307-1C07-4848-93FF-76005FDCC59A}.Release|x86.Build.0 = Release|Win32
		{15D90D05-B6EA-4A66-9A94-53EB51375B96}.Debug|arm64.ActiveCfg = Debug|arm64
		{15D90D05-B6EA-4A66-9A94-53EB51375B96}.Debug|arm64.Build.0 = Debug|arm64
		{15D90D05-B6EA-4A66-9A94-53EB51375B96}.Debug|x64.ActiveCfg = Debug|x64
		{15D90D05-B6EA-4A66-9A94-53EB51375B96}.Debug|x64.Build.0 = Debug|x64
		{15D90D05-B6EA-4A66-9A94-53EB51375B96}.Debug|x86.ActiveCfg = Debug|Win32
		{15D90D05-B6EA-4A66-9A94-53EB51375B96}.Debug|x86.Build.0 = Debug|Win32
		{15D90D05-B6EA-4A66-9A94-53EB51375B96}.Release|arm64.ActiveCfg = Release|arm64
		{15D90D05-B6EA-4A66-9A94-53EB51375B96}.Release|arm64.Build.0 = Release|arm64
		{15D90D05-B6EA-4A66-9A94-53EB51375B96}.Release|x64.ActiveCfg = Release|x64
		{15D90D05-B6EA-4A66-9A94-53EB51375B96}.Release|x64.Build.0 = Release|x64
		{15D90D05-B6EA-4A66-9A94-53EB51375B96}.Release|x86.ActiveCfg = Release|Win32
		{15D90D05-B6EA-4A66-9A94-53EB51375B96}.Release|x86.Build.0 = Release|Win32
		{A84ED0A4-E9AE-4E23-ABB0-75F8E7277CD5}.Debug|arm64.ActiveCfg = Debug|arm64
		{A84ED0A4-E9AE-4E23-ABB0-75F8E7277CD5}.Debug|arm64.Build.0 = Debug|arm64
		{A84ED0A4-E9AE-4E23-ABB0-75F8E7277CD5}.Debug|x64.ActiveCfg = Debug|x64
		{A84ED0A4-E9AE-4E23-ABB0-75F8E7277CD5}.Debug|x64.Build.0 = Debug|x64
		{A84ED0A4-E9AE-4E23-ABB0-75F8E7277CD5}.Debug|x86.ActiveCfg = Debug|Win32
		{A84ED0A4-E9AE-4E23-ABB0-75F8E7277CD5}.Debug|x86.Build.0 = Debug|Win32
		{A84ED0A4-E9AE-4E23-ABB0-75F8E7277CD5}.Release|arm64.ActiveCfg = Release|arm64
		{A84ED0A4-E9AE-4E23-ABB0-75F8E7277CD5}.Release|arm64.Build.0 = Release|arm64
		{A84ED0A4-E9AE-4E23-ABB0-75F8E7277CD5}.Release|x64.ActiveCfg = Release|x64
		{A84ED0A4-E9AE-4E23-ABB0-75F8E7277CD5}.Release|x64.Build.0 = Release|x64
		{A84ED0A4-E9AE-4E23-ABB0-75F8E7277CD5}.Release|x86.ActiveCfg = Release|Win32
		{A84ED0A4-E9AE-4E23-ABB0-75F8E7277CD5}.Release|x86.Build.0 = Release|Win32
		{AB26BB76-96F0-4633-A37F-1192FC2065C9}.Debug|arm64.ActiveCfg = Debug|arm64
		{AB26BB76-96F0-4633-A37F-1192FC2065C9}.Debug|arm64.Build.0 = Debug|arm64
		{AB26BB76-96F0-4633-A37F-1192FC2065C9}.Debug|x64.ActiveCfg = Debug|x64
		{AB26BB76-96F0-4633-A37F-1192FC2065C9}.Debug|x64.Build.0 = Debug|x64
		{AB26BB76-96F0-4633-A37F-1192FC2065C9}.Debug|x86.ActiveCfg = Debug|Win32
		{AB26BB76-96F0-4633-A37F-1192FC2065C9}.Debug|x86.Build.0 = Debug|Win32
		{AB26BB76-96F0-4633-A37F-1192FC2065C9}.Release|arm64.ActiveCfg = Release|arm64
		{AB26BB76-96F0-4633-A37F-1192FC2065C9}.Release|arm64.Build.0 = Release|arm64
		{AB26BB76-96F0-4633-A37F-1192FC2065C9}.Release|x64.ActiveCfg = Release|x64
		{AB26BB76-96F0-4633-A37F-1192FC2065C9}.Release|x64.Build.0 = Release|x64
		{AB26BB76-96F0-4633-A37F-1192FC2065C9}.Release|x86.ActiveCfg = Release|Win32
		{AB26BB76-96F0-4633-A37F-1192FC2065C9}.Release|x86.Build.0 = Release|Win32
		{5D25DA16-ADD6-44E2-90D8-111AC3D55622}.Debug|arm64.ActiveCfg = Debug|arm64
		{5D25DA16-ADD6-44E2-90D8-111AC3D55622}.Debug|arm64.Build.0 = Debug|arm64
		{5D25DA16-ADD6-44E2-90D8-111AC3D55622}.Debug|x64.ActiveCfg = Debug|x64
		{5D25DA16-ADD6-44E2-90D8-111AC3D55622}.Debug|x64.Build.0 = Debug|x64
		{5D25DA16-ADD6-44E2-90D8-111AC3D55622}.Debug|x86.ActiveCfg = Debug|Win32
		{5D25DA16-ADD6-44E2-90D8-111AC3D55622}.Debug|x86.Build.0 = Debug|Win32
		{5D25DA16-ADD6-44E2-90D8-111AC3D55622}.Release|arm64.ActiveCfg = Release|arm64
		{5D25DA16-ADD6-44E2-90D8-111AC3D55622}.Release|arm64.Build.0 = Release|arm64
		{5D25DA16-ADD6-44E2-90D8-111AC3D55622}.Release|x64.ActiveCfg = Release|x64
		{5D25DA16-ADD6-44E2-90D8-111AC3D55622}.Release|x64.Build.0 = Release|x64
		{5D25DA16-ADD6-44E2-90D8-111AC3D55622}.Release|x86.ActiveCfg = Release|Win32
		{5D25DA16-ADD6-44E2-90D8-111AC3D55622}.Release|x86.Build.0 = Release|Win32
		{96587D54-8955-493C-AE2B-9B572A1A5815}.Debug|arm64.ActiveCfg = Debug|arm64
		{96587D54-8955-493C-AE2B-9B572A1A5815}.Debug|arm64.Build.0 = Debug|arm64
		{96587D54-8955-493C-AE2B-9B572A1A5815}.Debug|x64.ActiveCfg = Debug|x64
		{96587D54-8955-493C-AE2B-9B572A1A5815}.Debug|x64.Build.0 = Debug|x64
		{96587D54-8955-493C-AE2B-9B572A1A5815}.Debug|x86.ActiveCfg = Debug|Win32
		{96587D54-8955-493C-AE2B-9B572A1A5815}.Debug|x86.Build.0 = Debug|Win32
		{96587D54-8955-493C-AE2B-9B572A1A5815}.Release|arm64.ActiveCfg = Release|arm64
		{96587D54-8955-493C-AE2B-9B572A1A5815}.Release|arm64.Build.0 = Release|arm64
		{96587D54-8955-493C-AE2B-9B572A1A5815}.Release|x64.ActiveCfg = Release|x64
		{96587D54-8955-493C-AE2B-9B572A1A5815}.Release|x64.Build.0 = Release|x64
		{96587D54-8955-493C-AE2B-9B572A1A5815}.Release|x86.ActiveCfg = Release|Win32
		{96587D54-8955-493C-AE2B-9B572A1A5815}.Release|x86.Build.0 = Release|Win32
		{120B27BA-DB98-4EB0-85D2-1356DF6F53DA}.Debug|arm64.ActiveCfg = Debug|arm64
		{120B27BA-DB98-4EB0-85D2-1356DF6F53DA}.Debug|arm64.Build.0 = Debug|arm64
		{120B27BA-DB98-4EB0-85D2-1356DF6F53DA}.Debug|x64.ActiveCfg = Debug|x64
		{120B27BA-DB98-4EB0-85D2-1356DF6F53DA}.Debug|x64.Build.0 = Debug|x64
		{120B27BA-DB98-4EB0-85D2-1356DF6F53DA}.Debug|x86.ActiveCfg = Debug|Win32
		{120B27BA-DB98-4EB0-85D2-1356DF6F53DA}.Debug|x86.Build.0 = Debug|Win32
		{120B27BA-DB98-4EB0-85D2-1356DF6F53DA}.Release|arm64.ActiveCfg = Release|arm64
		{120B27BA-DB98-4EB0-85D2-1356DF6F53DA}.Release|arm64.Build.0 = Release|arm64
		{120B27BA-DB98-4EB0-85D2-1356DF6F53DA}.Release|x64.ActiveCfg = Release|x64
		{120B27BA-DB98-4EB0-85D2-1356DF6F53DA}.Release|x64.Build.0 = Release|x64
		{120B27BA-DB98-4EB0-85D2-1356DF6F53DA}.Release|x86.ActiveCfg = Release|Win32
		{120B27BA-DB98-4EB0-85D2-1356DF6F53DA}.Release|x86.Build.0 = Release|Win32
		{BA3ADA1A-B92B-4EF1-B9A7-EFE12A05DF91}.Debug|arm64.ActiveCfg = Debug|arm64
		{BA3ADA1A-B92B-4EF1-B9A7-EFE12A05DF91}.Debug|arm64.Build.0 = Debug|arm64
		{BA3ADA1A-B92B-4EF1-B9A7-EFE12A05DF91}.Debug|x64.ActiveCfg = Debug|x64
		{BA3ADA1A-B92B-4EF1-B9A7-EFE12A05DF91}.Debug|x64.Build.0 = Debug|x64
		{BA3ADA1A-B92B-4EF1-B9A7-EFE12A05DF91}.Debug|x86.ActiveCfg = Debug|Win32
		{BA3ADA1A-B92B-4EF1-B9A7-EFE12A05DF91}.Debug|x86.Build.0 = Debug|Win32
		{BA3ADA1A-B92B-4EF1-B9A7-EFE12A05DF91}.Release|arm64.ActiveCfg = Release|arm64
		{BA3ADA1A-B92B-4EF1-B9A7-EFE12A05DF91}.Release|arm64.Build.0 = Release|arm64
		{BA3ADA1A-B92B-4EF1-B9A7-EFE12A05DF91}.Release|x64.ActiveCfg = Release|x64
		{BA3ADA1A-B92B-4EF1-B9A7-EFE12A05DF91}.Release|x64.Build.0 = Release|x64
		{BA3ADA1A-B92B-4EF1-B9A7-EFE12A05DF91}.Release|x86.ActiveCfg = Release|Win32
		{BA3ADA1A-B92B-4EF1-B9A7-EFE12A05DF91}.Release|x86.Build.0 = Release|Win32
		{8D9F2AF0-5D8D-49F3-98B0-F249883D085C}.Debug|arm64.ActiveCfg = Debug|arm64
		{8D9F2AF0-5D8D-49F3-98B0-F249883D085C}.Debug|arm64.Build.0 = Debug|arm64
		{8D9F2AF0-5D8D-49F3-98B0-F249883D085C}.Debug|x64.ActiveCfg = Debug|x64
		{8D9F2AF0-5D8D-49F3-98B0-F249883D085C}.Debug|x64.Build.0 = Debug|x64
		{8D9F2AF0-5D8D-49F3-98B0-F249883D085C}.Debug|x86.ActiveCfg = Debug|Win32
		{8D9F2AF0-5D8D-49F3-98B0-F249883D085C}.Debug|x86.Build.0 = Debug|Win32
		{8D9F2AF0-5D8D-49F3-98B0-F249883D085C}.Release|arm64.ActiveCfg = Release|arm64
		{8D9F2AF0-5D8D-49F3-98B0-F249883D085C}.Release|arm64.Build.0 = Release|arm64
		{8D9F2AF0-5D8D-49F3-98B0-F249883D085C}.Release|x64.ActiveCfg = Release|x64
		{8D9F2AF0-5D8D-49F3-98B0-F249883D085C}.Release|x64.Build.0 = Release|x64
		{8D9F2AF0-5D8D-49F3-98B0-F249883D085C}.Release|x86.ActiveCfg = Release|Win32
		{8D9F2AF0-5D8D-49F3-98B0-F249883D085C}.Release|x86.Build.0 = Release|Win32
		{202AF8FE-A8B8-4E87-9A0B-537A804E9622}.Debug|arm64.ActiveCfg = Debug|arm64
		{202AF8FE-A8B8-4E87-9A0B-537A804E9622}.Debug|arm64.Build.0 = Debug|arm64
		{202AF8FE-A8B8-4E87-9A0B-537A804E9622}.Debug|x64.ActiveCfg = Debug|x64
		{202AF8FE-A8B8-4E87-9A0B-537A804E9622}.Debug|x64.Build.0 = Debug|x64
		{202AF8FE-A8B8-4E87-9A0B-537A804E9622}.Debug|x86.ActiveCfg = Debug|Win32
		{202AF8FE-A8B8-4E87-9A0B-537A804E9622}.Debug|x86.Build.0 = Debug|Win32
		{202AF8FE-A8B8-4E87-9A0B-537A804E9622}.Release|arm64.ActiveCfg = Release|arm64
		{202AF8FE-A8B8-4E87-9A0B-537A804E9622}.Release|arm64.Build.0 = Release|arm64
		{202AF8FE-A8B8-4E87-9A0B-537A804E9622}.Release|x64.ActiveCfg = Release|x64
		{202AF8FE-A8B8-4E87-9A0B-537A804E9622}.Release|x64.Build.0 = Release|x64
		{202AF8FE-A8B8-4E87-9A0B-537A804E9622}.Release|x86.ActiveCfg = Release|Win32
		{202AF8FE-A8B8-4E87-9A0B-537A804E9622}.Release|x86.Build.0 = Release|Win32
		{5DDCB6C1-19E0-486B-9501-A369686DF454}.Debug|arm64.ActiveCfg = Debug|arm64
		{5DDCB6C1-19E0-486B-9501-A369686DF454}.Debug|arm64.Build.0 = Debug|arm64
		{5DDCB6C1-19E0-486B-9501-A369686DF454}.Debug|x64.ActiveCfg = Debug|x64
		{5DDCB6C1-19E0-486B-9501-A369686DF454}.Debug|x64.Build.0 = Debug|x64
		{5DDCB6C1-19E0-486B-9501-A369686DF454}.Debug|x86.ActiveCfg = Debug|Win32
		{5DDCB6C1-19E0-486B-9501-A369686DF454}.Debug|x86.Build.0 = Debug|Win32
		{5DDCB6C1-19E0-486B-9501-A369686DF454}.Release|arm64.ActiveCfg = Release|arm64
		{5DDCB6C1-19E0-486B-9501-A369686DF454}.Release|arm64.Build.0 = Release|arm64
		{5DDCB6C1-19E0-486B-9501-A369686DF454}.Release|x64.ActiveCfg = Release|x64
		{5DDCB6C1-19E0-486B-9501-A369686DF454}.Release|x64.Build.0 = Release|x64
		{5DDCB6C1-19E0-486B-9501-A369686DF454}.Release|x86.ActiveCfg = Release|Win32
		{5DDCB6C1-19E0-486B-9501-A369686DF454}.Release|x86.Build.0 = Release|Win32
		{822550C2-AD05-4ED2-9D9D-6201886C9728}.Debug|arm64.ActiveCfg = Debug|arm64
		{822550C2-AD05-4ED2-9D9D-6201886C9728}.Debug|arm64.Build.0 = Debug|arm64
		{822550C2-AD05-4ED2-9D9D-6201886C9728}.Debug|x64.ActiveCfg = Debug|x64
		{822550C2-AD05-4ED2-9D9D-6201886C9728}.Debug|x64.Build.0 = Debug|x64
		{822550C2-AD05-4ED2-9D9D-6201886C9728}.Debug|x86.ActiveCfg = Debug|Win32
		{822550C2-AD05-4ED2-9D9D-6201886C9728}.Debug|x86.Build.0 = Debug|Win32
		{822550C2-AD05-4ED2-9D9D-6201886C9728}.Release|arm64.ActiveCfg = Release|arm64
		{822550C2-AD05-4ED2-9D9D-6201886C9728}.Release|arm64.Build.0 = Release|arm64
		{822550C2-AD05-4ED2-9D9D-6201886C9728}.Release|x64.ActiveCfg = Release|x64
		{822550C2-AD05-4ED2-9D9D-6201886C9728}.Release|x64.Build.0 = Release|x64
		{822550C2-AD05-4ED2-9D9D-6201886C9728}.Release|x86.ActiveCfg = Release|Win32
		{822550C2-AD05-4ED2-9D9D-6201886C9728}.Release|x86.Build.0 = Release|Win32
		{CECEC19C-9270-4023-882F-DD183F7CAC3E}.Debug|arm64.ActiveCfg = Debug|arm64
		{CECEC19C-9270-4023-882F-DD183F7CAC3E}.Debug|arm64.Build.0 = Debug|arm64
		{CECEC19C-9270-4023-882F-DD183F7CAC3E}.Debug|x64.ActiveCfg = Debug|x64
		{CECEC19C-9270-4023-882F-DD183F7CAC3E}.Debug|x64.Build.0 = Debug|x64
		{CECEC19C-9270-4023-882F-DD183F7CAC3E}.Debug|x86.ActiveCfg = Debug|Win32
		{CECEC19C-9270-4023-882F-DD183F7CAC3E}.Debug|x86.Build.0 = Debug|Win32
		{CECEC19C-9270-4023-882F-DD183F7CAC3E}.Release|arm64.ActiveCfg = Release|arm64
		{CECEC19C-9270-4023-882F-DD183F7CAC3E}.Release|arm64.Build.0 = Release|arm64
		{CECEC19C-9270-4023-882F-DD183F7CAC3E}.Release|x64.ActiveCfg = Release|x64
		{CECEC19C-9270-4023-882F-DD183F7CAC3E}.Release|x64.Build.0 = Release|x64
		{CECEC19C-9270-4023-882F-DD183F7CAC3E}.Release|x86.ActiveCfg = Release|Win32
		{CECEC19C-9270-4023-882F-DD183F7CAC3E}.Release|x86.Build.0 = Release|Win32
		{09833471-53E2-4CDD-8892-EE1D8AC287F3}.Debug|arm64.ActiveCfg = Debug|arm64
		{09833471-53E2-4CDD-8892-EE1D8AC287F3}.Debug|arm64.Build.0 = Debug|arm64
		{09833471-53E2-4CDD-8892-EE1D8AC287F3}.Debug|x64.ActiveCfg = Debug|x64
		{09833471-53E2-4CDD-8892-EE1D8AC287F3}.Debug|x64.Build.0 = Debug|x64
		{09833471-53E2-4CDD-8892-EE1D8AC287F3}.Debug|x86.ActiveCfg = Debug|Win32
		{09833471-53E2-4CDD-8892-EE1D8AC287F3}.Debug|x86.Build.0 = Debug|Win32
		{09833471-53E2-4CDD-8892-EE1D8AC287F3}.Release|arm64.ActiveCfg = Release|arm64
		{09833471-53E2-4CDD-8892-EE1D8AC287F3}.Release|arm64.Build.0 = Release|arm64
		{09833471-53E2-4CDD-8892-EE1D8AC287F3}.Release|x64.ActiveCfg = Release|x64
		{09833471-53E2-4CDD-8892-EE1D8AC287F3}.Release|x64.Build.0 = Release|x64
		{09833471-53E2-4CDD-8892-EE1D8AC287F3}.Release|x86.ActiveCfg = Release|Win32
		{09833471-53E2-4CDD-8892-EE1D8AC287F3}.Release|x86.Build.0 = Release|Win32
		{AD29A446-DE27-4E15-985D-E6C79E79FBFD}.Debug|arm64.ActiveCfg = Debug|arm64
		{AD29A446-DE27-4E15-985D-E6C79E79FBFD}.Debug|arm64.Build.0 = Debug|arm64
		{AD29A446-DE27-4E15-985D-E6C79E79FBFD}.Debug|x64.ActiveCfg = Debug|x64
		{AD29A446-DE27-4E15-985D-E6C79E79FBFD}.Debug|x64.Build.0 = Debug|x64
		{AD29A446-DE27-4E15-985D-E6C79E79FBFD}.Debug|x86.ActiveCfg = Debug|Win32
		{AD29A446-DE27-4E15-985D-E6C79E79FBFD}.Debug|x86.Build.0 = Debug|Win32
		{AD29A446-DE27-4E15-985D-E6C79E79FBFD}.Release|arm64.ActiveCfg = Release|arm64
		{AD29A446-DE27-4E15-985D-E6C79E79FBFD}.Release|arm64.Build.0 = Release|arm64
		{AD29A446-DE27-4E15-985D-E6C79E79FBFD}.Release|x64.ActiveCfg = Release|x64
		{AD29A446-DE27-4E15-985D-E6C79E79FBFD}.Release|x64.Build.0 = Release|x64
		{AD29A446-DE27-4E15-985D-E6C79E79FBFD}.Release|x86.ActiveCfg = Release|Win32
		{AD29A446-DE27-4E15-985D-E6C79E79FBFD}.Release|x86.Build.0 = Release|Win32
		{A9DB43BC-3925-423D-A8E7-4155BBDBB784}.Debug|arm64.ActiveCfg = Debug|arm64
		{A9DB43BC-3925-423D-A8E7-4155BBDBB784}.Debug|arm64.Build.0 = Debug|arm64
		{A9DB43BC-3925-423D-A8E7-4155BBDBB784}.Debug|x64.ActiveCfg = Debug|x64
		{A9DB43BC-3925-423D-A8E7-4155BBDBB784}.Debug|x64.Build.0 = Debug|x64
		{A9DB43BC-3925-423D-A8E7-4155BBDBB784}.Debug|x86.ActiveCfg = Debug|Win32
		{A9DB43BC-3925-423D-A8E7-4155BBDBB784}.Debug|x86.Build.0 = Debug|Win32
		{A9DB43BC-3925-423D-A8E7-4155BBDBB784}.Release|arm64.ActiveCfg = Release|arm64
		{A9DB43BC-3925-423D-A8E7-4155BBDBB784}.Release|arm64.Build.0 = Release|arm64
		{A9DB43BC-3925-423D-A8E7-4155BBDBB784}.Release|x64.ActiveCfg = Release|x64
		{A9DB43BC-3925-423D-A8E7-4155BBDBB784}.Release|x64.Build.0 = Release|x64
		{A9DB43BC-3925-423D-A8E7-4155BBDBB784}.Release|x86.ActiveCfg = Release|Win32
		{A9DB43BC-3925-423D-A8E7-4155BBDBB784}.Release|x86.Build.0 = Release|Win32
		{3D843817-C10F-4037-853D-AABBA6DD24E4}.Debug|arm64.ActiveCfg = Debug|arm64
		{3D843817-C10F-4037-853D-AABBA6DD24E4}.Debug|arm64.Build.0 = Debug|arm64
		{3D843817-C10F-4037-853D-AABBA6DD24E4}.Debug|x64.ActiveCfg = Debug|x64
		{3D843817-C10F-4037-853D-AABBA6DD24E4}.Debug|x64.Build.0 = Debug|x64
		{3D843817-C10F-4037-853D-AABBA6DD24E4}.Debug|x86.ActiveCfg = Debug|Win32
		{3D843817-C10F-4037-853D-AABBA6DD24E4}.Debug|x86.Build.0 = Debug|Win32
		{3D843817-C10F-4037-853D-AABBA6DD24E4}.Release|arm64.ActiveCfg = Release|arm64
		{3D843817-C10F-4037-853D-AABBA6DD24E4}.Release|arm64.Build.0 = Release|arm64
		{3D843817-C10F-4037-853D-AABBA6DD24E4}.Release|x64.ActiveCfg = Release|x64
		{3D843817-C10F-4037-853D-AABBA6DD24E4}.Release|x64.Build.0 = Release|x64
		{3D843817-C10F-4037-853D-AABBA6DD24E4}.Release|x86.ActiveCfg = Release|Win32
		{3D843817-C10F-4037-853D-AABBA6DD24E4}.Release|x86.Build.0 = Release|Win32
		{22427B48-1D18-44D5-B431-60803A4514F5}.Debug|arm64.ActiveCfg = Debug|arm64
		{22427B48-1D18-44D5-B431-60803A4514F5}.Debug|arm64.Build.0 = Debug|arm64
		{22427B48-1D18-44D5-B431-60803A4514F5}.Debug|x64.ActiveCfg = Debug|x64
		{22427B48-1D18-44D5-B431-60803A4514F5}.Debug|x64.Build.0 = Debug|x64
		{22427B48-1D18-44D5-B431-60803A4514F5}.Debug|x86.ActiveCfg = Debug|Win32
		{22427B48-1D18-44D5-B431-60803A4514F5}.Debug|x86.Build.0 = Debug|Win32
		{22427B48-1D18-44D5-B431-60803A4514F5}.Release|arm64.ActiveCfg = Release|arm64
		{22427B48-1D18-44D5-B431-60803A4514F5}.Release|arm64.Build.0 = Release|arm64
		{22427B48-1D18-44D5-B431-60803A4514F5}.Release|x64.ActiveCfg = Release|x64
		{22427B48-1D18-44D5-B431-60803A4514F5}.Release|x64.Build.0 = Release|x64
		{22427B48-1D18-44D5-B431-60803A4514F5}.Release|x86.ActiveCfg = Release|Win32
		{22427B48-1D18-44D5-B431-60803A4514F5}.Release|x86.Build.0 = Release|Win32
		{A88ADE7A-F14D-4E55-A2BE-D9E8419DB058}.Debug|arm64.ActiveCfg = Debug|arm64
		{A88ADE7A-F14D-4E55-A2BE-D9E8419DB058}.Debug|arm64.Build.0 = Debug|arm64
		{A88ADE7A-F14D-4E55-A2BE-D9E8419DB058}.Debug|x64.ActiveCfg = Debug|x64
		{A88ADE7A-F14D-4E55-A2BE-D9E8419DB058}.Debug|x64.Build.0 = Debug|x64
		{A88ADE7A-F14D-4E55-A2BE-D9E8419DB058}.Debug|x86.ActiveCfg = Debug|Win32
		{A88ADE7A-F14D-4E55-A2BE-D9E8419DB058}.Debug|x86.Build.0 = Debug|Win32
		{A88ADE7A-F14D-4E55-A2BE-D9E8419DB058}.Release|arm64.ActiveCfg = Release|arm64
		{A88ADE7A-F14D-4E55-A2BE-D9E8419DB058}.Release|arm64.Build.0 = Release|arm64
		{A88ADE7A-F14D-4E55-A2BE-D9E8419DB058}.Release|x64.ActiveCfg = Release|x64
		{A88ADE7A-F14D-4E55-A2BE-D9E8419DB058}.Release|x64.Build.0 = Release|x64
		{A88ADE7A-F14D-4E55-A2BE-D9E8419DB058}.Release|x86.ActiveCfg = Release|Win32
		{A88ADE7A-F14D-4E55-A2BE-D9E8419DB058}.Release|x86.Build.0 = Release|Win32
		{15B3E74B-99C1-42F3-9B31-CD74E8564F61}.Debug|arm64.ActiveCfg = Debug|arm64
		{15B3E74B-99C1-42F3-9B31-CD74E8564F61}.Debug|arm64.Build.0 = Debug|arm64
		{15B3E74B-99C1-42F3-9B31-CD74E8564F61}.Debug|x64.ActiveCfg = Debug|x64
		{15B3E74B-99C1-42F3-9B31-CD74E8564F61}.Debug|x64.Build.0 = Debug|x64
		{15B3E74B-99C1-42F3-9B31-CD74E8564F61}.Debug|x86.ActiveCfg = Debug|Win32
		{15B3E74B-99C1-42F3-9B31-CD74E8564F61}.Debug|x86.Build.0 = Debug|Win32
		{15B3E74B-99C1-42F3-9B31-CD74E8564F61}.Release|arm64.ActiveCfg = Release|arm64
		{15B3E74B-99C1-42F3-9B31-CD74E8564F61}.Release|arm64.Build.0 = Release|arm64
		{15B3E74B-99C1-42F3-9B31-CD74E8564F61}.Release|x64.ActiveCfg = Release|x64
		{15B3E74B-99C1-42F3-9B31-CD74E8564F61}.Release|x64.Build.0 = Release|x64
		{15B3E74B-99C1-42F3-9B31-CD74E8564F61}.Release|x86.ActiveCfg = Release|Win32
		{15B3E74B-99C1-42F3-9B31-CD74E8564F61}.Release|x86.Build.0 = Release|Win32
		{34918BFB-E471-4429-8748-79F45E48474B}.Debug|arm64.ActiveCfg = Debug|arm64
		{34918BFB-E471-4429-8748-79F45E48474B}.Debug|arm64.Build.0 = Debug|arm64
		{34918BFB-E471-4429-8748-79F45E48474B}.Debug|x64.ActiveCfg = Debug|x64
		{34918BFB-E471-4429-8748-79F45E48474B}.Debug|x64.Build.0 = Debug|x64
		{34918BFB-E471-4429-8748-79F45E48474B}.Debug|x86.ActiveCfg = Debug|Win32
		{34918BFB-E471-4429-8748-79F45E48474B}.Debug|x86.Build.0 = Debug|Win32
		{34918BFB-E471-4429-8748-79F45E48474B}.Release|arm64.ActiveCfg = Release|arm64
		{34918BFB-E471-4429-8748-79F45E48474B}.Release|arm64.Build.0 = Release|arm64
		{34918BFB-E471-4429-8748-79F45E48474B}.Release|x64.ActiveCfg = Release|x64
		{34918BFB-E471-4429-8748-79F45E48474B}.Release|x64.Build.0 = Release|x64
		{34918BFB-E471-4429-8748-79F45E48474B}.Release|x86.ActiveCfg = Release|Win32
		{34918BFB-E471-4429-8748-79F45E48474B}.Release|x86.Build.0 = Release|Win32
		{94FEDC2E-C792-44A1-A501-7900D64AD963}.Debug|arm64.ActiveCfg = Debug|arm64
		{94FEDC2E-C792-44A1-A501-7900D64AD963}.Debug|arm64.Build.0 = Debug|arm64
		{94FEDC2E-C792-44A1-A501-7900D64AD963}.Debug|x64.ActiveCfg = Debug|x64
		{94FEDC2E-C792-44A1-A501-7900D64AD963}.Debug|x64.Build.0 = Debug|x64
		{94FEDC2E-C792-44A1-A501-7900D64AD963}.Debug|x86.ActiveCfg = Debug|Win32
		{94FEDC2E-C792-44A1-A501-7900D64AD963}.Debug|x86.Build.0 = Debug|Win32
		{94FEDC2E-C792-44A1-A501-7900D64AD963}.Release|arm64.ActiveCfg = Release|arm64
		{94FEDC2E-C792-44A1-A501-7900D64AD963}.Release|arm64.Build.0 = Release|arm64
		{94FEDC2E-C792-44A1-A501-7900D64AD963}.Release|x64.ActiveCfg = Release|x64
		{94FEDC2E-C792-44A1-A501-7900D64AD963}.Release|x64.Build.0 = Release|x64
		{94FEDC2E-C792-44A1-A501-7900D64AD963}.Release|x86.ActiveCfg = Release|Win32
		{94FEDC2E-C792-44A1-A501-7900D64AD963}.Release|x86.Build.0 = Release|Win32
		{3C85962D-3AC2-45FA-A503-2805CDAB4F28}.Debug|arm64.ActiveCfg = Debug|arm64
		{3C85962D-3AC2-45FA-A503-2805CDAB4F28}.Debug|arm64.Build.0 = Debug|arm64
		{3C85962D-3AC2-45FA-A503-2805CDAB4F28}.Debug|x64.ActiveCfg = Debug|x64
		{3C85962D-3AC2-45FA-A503-2805CDAB4F28}.Debug|x64.Build.0 = Debug|x64
		{3C85962D-3AC2-45FA-A503-2805CDAB4F28}.Debug|x86.ActiveCfg = Debug|Win32
		{3C85962D-3AC2-45FA-A503-2805CDAB4F28}.Debug|x86.Build.0 = Debug|Win32
		{3C85962D-3AC2-45FA-A503-2805CDAB4F28}.Release|arm64.ActiveCfg = Release|arm64
		{3C85962D-3AC2-45FA-A503-2805CDAB4F28}.Release|arm64.Build.0 = Release|arm64
		{3C85962D-3AC2-45FA-A503-2805CDAB4F28}.Release|x64.ActiveCfg = Release|x64
		{3C85962D-3AC2-45FA-A503-2805CDAB4F28}.Release|x64.Build.0 = Release|x64
		{3C85962D-3AC2-45FA-A503-2805CDAB4F28}.Release|x86.ActiveCfg = Release|Win32
		{3C85962D-3AC2-45FA-A503-2805CDAB4F28}.Release|x86.Build.0 = Release|Win32
		{49FF28E6-97F1-4A08-9D0F-2F69A6AAFA0A}.Debug|arm64.ActiveCfg = Debug|arm64
		{49FF28E6-97F1-4A08-9D0F-2F69A6AAFA0A}.Debug|arm64.Build.0 = Debug|arm64
		{49FF28E6-97F1-4A08-9D0F-2F69A6AAFA0A}.Debug|x64.ActiveCfg = Debug|x64
		{49FF28E6-97F1-4A08-9D0F-2F69A6AAFA0A}.Debug|x64.Build.0 = Debug|x64
		{49FF28E6-97F1-4A08-9D0F-2F69A6AAFA0A}.Debug|x86.ActiveCfg = Debug|Win32
		{49FF28E6-97F1-4A08-9D0F-2F69A6AAFA0A}.Debug|x86.Build.0 = Debug|Win32
		{49FF28E6-97F1-4A08-9D0F-2F69A6AAFA0A}.Release|arm64.ActiveCfg = Release|arm64
		{49FF28E6-97F1-4A08-9D0F-2F69A6AAFA0A}.Release|arm64.Build.0 = Release|arm64
		{49FF28E6-97F1-4A08-9D0F-2F69A6AAFA0A}.Release|x64.ActiveCfg = Release|x64
		{49FF28E6-97F1-4A08-9D0F-2F69A6AAFA0A}.Release|x64.Build.0 = Release|x64
		{49FF28E6-97F1-4A08-9D0F-2F69A6AAFA0A}.Release|x86.ActiveCfg = Release|Win32
		{49FF28E6-97F1-4A08-9D0F-2F69A6AAFA0A}.Release|x86.Build.0 = Release|Win32
		{51072C18-9DF5-4426-B3DF-13B6607FF649}.Debug|arm64.ActiveCfg = Debug|arm64
		{51072C18-9DF5-4426-B3DF-13B6607FF649}.Debug|arm64.Build.0 = Debug|arm64
		{51072C18-9DF5-4426-B3DF-13B6607FF649}.Debug|x64.ActiveCfg = Debug|x64
		{51072C18-9DF5-4426-B3DF-13B6607FF649}.Debug|x64.Build.0 = Debug|x64
		{51072C18-9DF5-4426-B3DF-13B6607FF649}.Debug|x86.ActiveCfg = Debug|Win32
		{51072C18-9DF5-4426-B3DF-13B6607FF649}.Debug|x86.Build.0 = Debug|Win32
		{51072C18-9DF5-4426-B3DF-13B6607FF649}.Release|arm64.ActiveCfg = Release|arm64
		{51072C18-9DF5-4426-B3DF-13B6607FF649}.Release|arm64.Build.0 = Release|arm64
		{51072C18-9DF5-4426-B3DF-13B6607FF649}.Release|x64.ActiveCfg = Release|x64
		{51072C18-9DF5-4426-B3DF-13B6607FF649}.Release|x64.Build.0 = Release|x64
		{51072C18-9DF5-4426-B3DF-13B6607FF649}.Release|x86.ActiveCfg = Release|Win32
		{51072C18-9DF5-4426-B3DF-13B6607FF649}.Release|x86.Build.0 = Release|Win32
		{C7E5E4A6-1BA6-4DB8-B202-B3253C6175C1}.Debug|arm64.ActiveCfg = Debug|arm64
		{C7E5E4A6-1BA6-4DB8-B202-B3253C6175C1}.Debug|arm64.Build.0 = Debug|arm64
		{C7E5E4A6-1BA6-4DB8-B202-B3253C6175C1}.Debug|x64.ActiveCfg = Debug|x64
		{C7E5E4A6-1BA6-4DB8-B202-B3253C6175C1}.Debug|x64.Build.0 = Debug|x64
		{C7E5E4A6-1BA6-4DB8-B202-B3253C6175C1}.Debug|x86.ActiveCfg = Debug|Win32
		{C7E5E4A6-1BA6-4DB8-B202-B3253C6175C1}.Debug|x86.Build.0 = Debug|Win32
		{C7E5E4A6-1BA6-4DB8-B202-B3253C6175C1}.Release|arm64.ActiveCfg = Release|arm64
		{C7E5E4A6-1BA6-4DB8-B202-B3253C6175C1}.Release|arm64.Build.0 = Release|arm64
		{C7E5E4A6-1BA6-4DB8-B202-B3253C6175C1}.Release|x64.ActiveCfg = Release|x64
		{C7E5E4A6-1BA6-4DB8-B202-B3253C6175C1}.Release|x64.Build.0 = Release|x64
		{C7E5E4A6-1BA6-4DB8-B202-B3253C6175C1}.Release|x86.ActiveCfg = Release|Win32
		{C7E5E4A6-1BA6-4DB8-B202-B3253C6175C1}.Release|x86.Build.0 = Release|Win32
		{3ECB0B49-CAA1-413C-B34C-95717F190961}.Debug|arm64.ActiveCfg = Debug|arm64
		{3ECB0B49-CAA1-413C-B34C-95717F190961}.Debug|arm64.Build.0 = Debug|arm64
		{3ECB0B49-CAA1-413C-B34C-95717F190961}.Debug|x64.ActiveCfg = Debug|x64
		{3ECB0B49-CAA1-413C-B34C-95717F190961}.Debug|x64.Build.0 = Debug|x64
		{3ECB0B49-CAA1-413C-B34C-95717F190961}.Debug|x86.ActiveCfg = Debug|Win32
		{3ECB0B49-CAA1-413C-B34C-95717F190961}.Debug|x86.Build.0 = Debug|Win32
		{3ECB0B49-CAA1-413C-B34C-95717F190961}.Release|arm64.ActiveCfg = Release|arm64
		{3ECB0B49-CAA1-413C-B34C-95717F190961}.Release|arm64.Build.0 = Release|arm64
		{3ECB0B49-CAA1-413C-B34C-95717F190961}.Release|x64.ActiveCfg = Release|x64
		{3ECB0B49-CAA1-413C-B34C-95717F190961}.Release|x64.Build.0 = Release|x64
		{3ECB0B49-CAA1-413C-B34C-95717F190961}.Release|x86.ActiveCfg = Release|Win32
		{3ECB0B49-CAA1-413C-B34C-95717F190961}.Release|x86.Build.0 = Release|Win32
		{967B4EB5-5348-44A7-A887-081C55A9EF84}.Debug|arm64.ActiveCfg = Debug|arm64
		{967B4EB5-5348-44A7-A887-081C55A9EF84}.Debug|arm64.Build.0 = Debug|arm64
		{967B4EB5-5348-44A7-A887-081C55A9EF84}.Debug|x64.ActiveCfg = Debug|x64
		{967B4EB5-5348-44A7-A887-081C55A9EF84}.Debug|x64.Build.0 = Debug|x64
		{967B4EB5-5348-44A7-A887-081C55A9EF84}.Debug|x86.ActiveCfg = Debug|Win32
		{967B4EB5-5348-44A7-A887-081C55A9EF84}.Debug|x86.Build.0 = Debug|Win32
		{967B4EB5-5348-44A7-A887-081C55A9EF84}.Release|arm64.ActiveCfg = Release|arm64
		{967B4EB5-5348-44A7-A887-081C55A9EF84}.Release|arm64.Build.0 = Release|arm64
		{967B4EB5-5348-44A7-A887-081C55A9EF84}.Release|x64.ActiveCfg = Release|x64
		{967B4EB5-5348-44A7-A887-081C55A9EF84}.Release|x64.Build.0 = Release|x64
		{967B4EB5-5348-44A7-A887-081C55A9EF84}.Release|x86.ActiveCfg = Release|Win32
		{967B4EB5-5348-44A7-A887-081C55A9EF84}.Release|x86.Build.0 = Release|Win32
		{0A99DCE3-5295-45F9-8B8D-FF687EA0BDB5}.Debug|arm64.ActiveCfg = Debug|arm64
		{0A99DCE3-5295-45F9-8B8D-FF687EA0BDB5}.Debug|arm64.Build.0 = Debug|arm64
		{0A99DCE3-5295-45F9-8B8D-FF687EA0BDB5}.Debug|x64.ActiveCfg = Debug|x64
		{0A99DCE3-5295-45F9-8B8D-FF687EA0BDB5}.Debug|x64.Build.0 = Debug|x64
		{0A99DCE3-5295-45F9-8B8D-FF687EA0BDB5}.Debug|x86.ActiveCfg = Debug|Win32
		{0A99DCE3-5295-45F9-8B8D-FF687EA0BDB5}.Debug|x86.Build.0 = Debug|Win32
		{0A99DCE3-5295-45F9-8B8D-FF687EA0BDB5}.Release|arm64.ActiveCfg = Release|arm64
		{0A99DCE3-5295-45F9-8B8D-FF687EA0BDB5}.Release|arm64.Build.0 = Release|arm64
		{0A99DCE3-5295-45F9-8B8D-FF687EA0BDB5}.Release|x64.ActiveCfg = Release|x64
		{0A99DCE3-5295-45F9-8B8D-FF687EA0BDB5}.Release|x64.Build.0 = Release|x64
		{0A99DCE3-5295-45F9-8B8D-FF687EA0BDB5}.Release|x86.ActiveCfg = Release|Win32
		{0A99DCE3-5295-45F9-8B8D-FF687EA0BDB5}.Release|x86.Build.0 = Release|Win32
		{FAB8B2B4-80C5-4567-870C-315242E304F8}.Debug|arm64.ActiveCfg = Debug|arm64
		{FAB8B2B4-80C5-4567-870C-315242E304F8}.Debug|arm64.Build.0 = Debug|arm64
		{FAB8B2B4-80C5-4567-870C-315242E304F8}.Debug|x64.ActiveCfg = Debug|x64
		{FAB8B2B4-80C5-4567-870C-315242E304F8}.Debug|x64.Build.0 = Debug|x64
		{FAB8B2B4-80C5-4567-870C-315242E304F8}.Debug|x86.ActiveCfg = Debug|Win32
		{FAB8B2B4-80C5-4567-870C-315242E304F8}.Debug|x86.Build.0 = Debug|Win32
		{FAB8B2B4-80C5-4567-870C-315242E304F8}.Release|arm64.ActiveCfg = Release|arm64
		{FAB8B2B4-80C5-4567-870C-315242E304F8}.Release|arm64.Build.0 = Release|arm64
		{FAB8B2B4-80C5-4567-870C-315242E304F8}.Release|x64.ActiveCfg = Release|x64
		{FAB8B2B4-80C5-4567-870C-315242E304F8}.Release|x64.Build.0 = Release|x64
		{FAB8B2B4-80C5-4567-870C-315242E304F8}.Release|x86.ActiveCfg = Release|Win32
		{FAB8B2B4-80C5-4567-870C-315242E304F8}.Release|x86.Build.0 = Release|Win32
		{849791C7-9088-449F-B88A-668C089C51AA}.Debug|arm64.ActiveCfg = Debug|arm64
		{849791C7-9088-449F-B88A-668C089C51AA}.Debug|arm64.Build.0 = Debug|arm64
		{849791C7-9088-449F-B88A-668C089C51AA}.Debug|x64.ActiveCfg = Debug|x64
		{849791C7-9088-449F-B88A-668C089C51AA}.Debug|x64.Build.0 = Debug|x64
		{849791C7-9088-449F-B88A-668C089C51AA}.Debug|x86.ActiveCfg = Debug|Win32
		{849791C7-9088-449F-B88A-668C089C51AA}.Debug|x86.Build.0 = Debug|Win32
		{849791C7-9088-449F-B88A-668C089C51AA}.Release|arm64.ActiveCfg = Release|arm64
		{849791C7-9088-449F-B88A-668C089C51AA}.Release|arm64.Build.0 = Release|arm64
		{849791C7-9088-449F-B88A-668C089C51AA}.Release|x64.ActiveCfg = Release|x64
		{849791C7-9088-449F-B88A-668C089C51AA}.Release|x64.Build.0 = Release|x64
		{849791C7-9088-449F-B88A-668C089C51AA}.Release|x86.ActiveCfg = Release|Win32
		{849791C7-9088-449F-B88A-668C089C51AA}.Release|x86.Build.0 = Release|Win32
		{9019A40A-72D5-4A09-ABB9-12D46FE3F24C}.Debug|arm64.ActiveCfg = Debug|arm64
		{9019A40A-72D5-4A09-ABB9-12D46FE3F24C}.Debug|arm64.Build.0 = Debug|arm64
		{9019A40A-72D5-4A09-ABB9-12D46FE3F24C}.Debug|x64.ActiveCfg = Debug|x64
		{9019A40A-72D5-4A09-ABB9-12D46FE3F24C}.Debug|x64.Build.0 = Debug|x64
		{9019A40A-72D5-4A09-ABB9-12D46FE3F24C}.Debug|x86.ActiveCfg = Debug|Win32
		{9019A40A-72D5-4A09-ABB9-12D46FE3F24C}.Debug|x86.Build.0 = Debug|Win32
		{9019A40A-72D5-4A09-ABB9-12D46FE3F24C}.Release|arm64.ActiveCfg = Release|arm64
		{9019A40A-72D5-4A09-ABB9-12D46FE3F24C}.Release|arm64.Build.0 = Release|arm64
		{9019A40A-72D5-4A09-ABB9-12D46FE3F24C}.Release|x64.ActiveCfg = Release|x64
		{9019A40A-72D5-4A09-ABB9-12D46FE3F24C}.Release|x64.Build.0 = Release|x64
		{9019A40A-72D5-4A09-ABB9-12D46FE3F24C}.Release|x86.ActiveCfg = Release|Win32
		{9019A40A-72D5-4A09-ABB9-12D46FE3F24C}.Release|x86.Build.0 = Release|Win32
	EndGlobalSection
	GlobalSection(SolutionProperties) = preSolution
		HideSolutionNode = FALSE
	EndGlobalSection
	GlobalSection(ExtensibilityGlobals) = postSolution
		SolutionGuid = {E12747EF-DB83-4FB7-953E-D70CAD134A56}
	EndGlobalSection
EndGlobal
