
Microsoft Visual Studio Solution File, Format Version 12.00
# Visual Studio Version 17
VisualStudioVersion = 17.5.33516.290
MinimumVisualStudioVersion = 10.0.40219.1
Project("{8BC9CEB8-8B4A-11D0-8D11-00A0C91BC942}") = "scancodes", "tools\scancodes.vcxproj", "{E5907DD3-DE08-46B4-94CF-E7657CAD02A8}"
	ProjectSection(ProjectDependencies) = postProject
		{29BD96E0-B6C5-42A0-B683-FD9740810600} = {29BD96E0-B6C5-42A0-B683-FD9740810600}
	EndProjectSection
EndProject
Project("{8BC9CEB8-8B4A-11D0-8D11-00A0C91BC942}") = "kbdreverse", "tools\kbdreverse.vcxproj", "{38202AFE-E69D-4994-8943-8F39164776D1}"
	ProjectSection(ProjectDependencies) = postProject
		{29BD96E0-B6C5-42A0-B683-FD9740810600} = {29BD96E0-B6C5-42A0-B683-FD9740810600}
	EndProjectSection
EndProject
Project("{8BC9CEB8-8B4A-11D0-8D11-00A0C91BC942}") = "kbdfrapple", "kbdfrapple\kbdfrapple.vcxproj", "{B9B80495-01BA-4AFD-99FE-F87822FB832C}"
EndProject
Project("{8BC9CEB8-8B4A-11D0-8D11-00A0C91BC942}") = "kbdfnapple", "kbdfnapple\kbdfnapple.vcxproj", "{DCCE0BD5-25A8-49E2-A7DA-754E22935020}"
EndProject
Project("{8BC9CEB8-8B4A-11D0-8D11-00A0C91BC942}") = "libtools", "tools\libtools.vcxproj", "{29BD96E0-B6C5-42A0-B683-FD9740810600}"
EndProject
Project("{8BC9CEB8-8B4A-11D0-8D11-00A0C91BC942}") = "kbdarapple", "kbdarapple\kbdarapple.vcxproj", "{17469F2D-C088-4F5F-8FBB-74B558E14D7B}"
EndProject
Project("{8BC9CEB8-8B4A-11D0-8D11-00A0C91BC942}") = "kbdbeapple", "kbdbeapple\kbdbeapple.vcxproj", "{C6E90E80-11BA-4790-80D0-7E237D9B0B98}"
EndProject
Project("{8BC9CEB8-8B4A-11D0-8D11-00A0C91BC942}") = "kbdbzapple", "kbdbzapple\kbdbzapple.vcxproj", "{72B3FD20-55F9-4B10-9C0B-AC8150590B2B}"
EndProject
Project("{8BC9CEB8-8B4A-11D0-8D11-00A0C91BC942}") = "kbdcaapple", "kbdcaapple\kbdcaapple.vcxproj", "{849E4331-E1A1-406E-A6C0-03100337A62A}"
EndProject
Project("{8BC9CEB8-8B4A-11D0-8D11-00A0C91BC942}") = "kbdczapple", "kbdczapple\kbdczapple.vcxproj", "{9D2C48DC-EECB-4026-ABFB-FC7A86D01BC9}"
EndProject
Project("{8BC9CEB8-8B4A-11D0-8D11-00A0C91BC942}") = "kbddaapple", "kbddaapple\kbddaapple.vcxproj", "{F2AA080D-76EF-4CB9-A3E4-1C95CA311037}"
EndProject
Project("{8BC9CEB8-8B4A-11D0-8D11-00A0C91BC942}") = "kbddeapple", "kbddeapple\kbddeapple.vcxproj", "{78AA2EFB-1E77-40CA-8CCD-1A94CCBA1593}"
EndProject
Project("{8BC9CEB8-8B4A-11D0-8D11-00A0C91BC942}") = "kbdduapple", "kbdduapple\kbdduapple.vcxproj", "{81B54633-81B3-4A8A-9AAA-A8A2EAEFF651}"
EndProject
Project("{8BC9CEB8-8B4A-11D0-8D11-00A0C91BC942}") = "kbddvapple", "kbddvapple\kbddvapple.vcxproj", "{7818C31D-DA42-442D-807D-3CC0E7AE6259}"
EndProject
Project("{8BC9CEB8-8B4A-11D0-8D11-00A0C91BC942}") = "kbdejapple", "kbdejapple\kbdejapple.vcxproj", "{A613A0A0-9601-4B8F-AE76-C861993CE1F3}"
EndProject
Project("{8BC9CEB8-8B4A-11D0-8D11-00A0C91BC942}") = "kbdfiapple", "kbdfiapple\kbdfiapple.vcxproj", "{7C923FFC-728C-4449-9D00-85734024765F}"
EndProject
Project("{8BC9CEB8-8B4A-11D0-8D11-00A0C91BC942}") = "kbditapple", "kbditapple\kbditapple.vcxproj", "{6C47178B-CA57-4CBB-98BB-CF801E09028D}"
EndProject
Project("{8BC9CEB8-8B4A-11D0-8D11-00A0C91BC942}") = "kbdnoapple", "kbdnoapple\kbdnoapple.vcxproj", "{5E9AC9DB-6149-4251-9947-908B6ED25E82}"
EndProject
Project("{8BC9CEB8-8B4A-11D0-8D11-00A0C91BC942}") = "kbdplapple", "kbdplapple\kbdplapple.vcxproj", "{B64E9AE5-5A84-4E43-9340-604F9009D525}"
EndProject
Project("{8BC9CEB8-8B4A-11D0-8D11-00A0C91BC942}") = "kbdpoapple", "kbdpoapple\kbdpoapple.vcxproj", "{F2C41E2F-915F-4ED5-9EFC-14B3665DAE49}"
EndProject
Project("{8BC9CEB8-8B4A-11D0-8D11-00A0C91BC942}") = "kbdruapple", "kbdruapple\kbdruapple.vcxproj", "{4D09666E-402D-4F2D-B2C3-1DDACF35032E}"
EndProject
Project("{8BC9CEB8-8B4A-11D0-8D11-00A0C91BC942}") = "kbdsgapple", "kbdsgapple\kbdsgapple.vcxproj", "{10CE9179-0B2D-4FBB-9EA7-EC8A3EE06D06}"
EndProject
Project("{8BC9CEB8-8B4A-11D0-8D11-00A0C91BC942}") = "kbdspapple", "kbdspapple\kbdspapple.vcxproj", "{2C57A424-E1C6-4BDC-BD5C-D13AD5A53F2E}"
EndProject
Project("{8BC9CEB8-8B4A-11D0-8D11-00A0C91BC942}") = "kbdswapple", "kbdswapple\kbdswapple.vcxproj", "{F00074E3-6C20-4997-A7CB-8A9E44AB3661}"
EndProject
Project("{8BC9CEB8-8B4A-11D0-8D11-00A0C91BC942}") = "kbdszapple", "kbdszapple\kbdszapple.vcxproj", "{391CBC76-2100-4981-9B39-1D2F2A7BE812}"
EndProject
Project("{8BC9CEB8-8B4A-11D0-8D11-00A0C91BC942}") = "kbduiapple", "kbduiapple\kbduiapple.vcxproj", "{A5928ACC-083F-42AD-9651-50185BAF8608}"
EndProject
Project("{8BC9CEB8-8B4A-11D0-8D11-00A0C91BC942}") = "kbdukapple", "kbdukapple\kbdukapple.vcxproj", "{EE807C4D-4C52-49D6-A08B-7153D5926862}"
EndProject
Project("{8BC9CEB8-8B4A-11D0-8D11-00A0C91BC942}") = "kbdurapple", "kbdurapple\kbdurapple.vcxproj", "{5E6CD655-9FF5-490B-980C-FAF72F83BF75}"
EndProject
Project("{8BC9CEB8-8B4A-11D0-8D11-00A0C91BC942}") = "kbdusapple", "kbdusapple\kbdusapple.vcxproj", "{04AD1307-1C07-4848-93FF-76005FDCC59A}"
EndProject
Project("{8BC9CEB8-8B4A-11D0-8D11-00A0C91BC942}") = "kbdadmin", "tools\kbdadmin.vcxproj", "{599FF9E1-4CB8-4511-9D55-A5CBC6191DC3}"
	ProjectSection(ProjectDependencies) = postProject
		{29BD96E0-B6C5-42A0-B683-FD9740810600} = {29BD96E0-B6C5-42A0-B683-FD9740810600}
	EndProjectSection
EndProject
Global
	GlobalSection(SolutionConfigurationPlatforms) = preSolution
		Debug|arm64 = Debug|arm64
		Debug|x64 = Debug|x64
		Debug|x86 = Debug|x86
		Release|arm64 = Release|arm64
		Release|x64 = Release|x64
		Release|x86 = Release|x86
	EndGlobalSection
	GlobalSection(ProjectConfigurationPlatforms) = postSolution
		{E5907DD3-DE08-46B4-94CF-E7657CAD02A8}.Debug|arm64.ActiveCfg = Debug|arm64
		{E5907DD3-DE08-46B4-94CF-E7657CAD02A8}.Debug|arm64.Build.0 = Debug|arm64
		{E5907DD3-DE08-46B4-94CF-E7657CAD02A8}.Debug|x64.ActiveCfg = Debug|x64
		{E5907DD3-DE08-46B4-94CF-E7657CAD02A8}.Debug|x64.Build.0 = Debug|x64
		{E5907DD3-DE08-46B4-94CF-E7657CAD02A8}.Debug|x86.ActiveCfg = Debug|Win32
		{E5907DD3-DE08-46B4-94CF-E7657CAD02A8}.Debug|x86.Build.0 = Debug|Win32
		{E5907DD3-DE08-46B4-94CF-E7657CAD02A8}.Release|arm64.ActiveCfg = Release|arm64
		{E5907DD3-DE08-46B4-94CF-E7657CAD02A8}.Release|arm64.Build.0 = Release|arm64
		{E5907DD3-DE08-46B4-94CF-E7657CAD02A8}.Release|x64.ActiveCfg = Release|x64
		{E5907DD3-DE08-46B4-94CF-E7657CAD02A8}.Release|x64.Build.0 = Release|x64
		{E5907DD3-DE08-46B4-94CF-E7657CAD02A8}.Release|x86.ActiveCfg = Release|Win32
		{E5907DD3-DE08-46B4-94CF-E7657CAD02A8}.Release|x86.Build.0 = Release|Win32
		{38202AFE-E69D-4994-8943-8F39164776D1}.Debug|arm64.ActiveCfg = Debug|arm64
		{38202AFE-E69D-4994-8943-8F39164776D1}.Debug|arm64.Build.0 = Debug|arm64
		{38202AFE-E69D-4994-8943-8F39164776D1}.Debug|x64.ActiveCfg = Debug|x64
		{38202AFE-E69D-4994-8943-8F39164776D1}.Debug|x64.Build.0 = Debug|x64
		{38202AFE-E69D-4994-8943-8F39164776D1}.Debug|x86.ActiveCfg = Debug|Win32
		{38202AFE-E69D-4994-8943-8F39164776D1}.Debug|x86.Build.0 = Debug|Win32
		{38202AFE-E69D-4994-8943-8F39164776D1}.Release|arm64.ActiveCfg = Release|arm64
		{38202AFE-E69D-4994-8943-8F39164776D1}.Release|arm64.Build.0 = Release|arm64
		{38202AFE-E69D-4994-8943-8F39164776D1}.Release|x64.ActiveCfg = Release|x64
		{38202AFE-E69D-4994-8943-8F39164776D1}.Release|x64.Build.0 = Release|x64
		{38202AFE-E69D-4994-8943-8F39164776D1}.Release|x86.ActiveCfg = Release|Win32
		{38202AFE-E69D-4994-8943-8F39164776D1}.Release|x86.Build.0 = Release|Win32
		{B9B80495-01BA-4AFD-99FE-F87822FB832C}.Debug|arm64.ActiveCfg = Debug|arm64
		{B9B80495-01BA-4AFD-99FE-F87822FB832C}.Debug|arm64.Build.0 = Debug|arm64
		{B9B80495-01BA-4AFD-99FE-F87822FB832C}.Debug|x64.ActiveCfg = Debug|x64
		{B9B80495-01BA-4AFD-99FE-F87822FB832C}.Debug|x64.Build.0 = Debug|x64
		{B9B80495-01BA-4AFD-99FE-F87822FB832C}.Debug|x86.ActiveCfg = Debug|Win32
		{B9B80495-01BA-4AFD-99FE-F87822FB832C}.Debug|x86.Build.0 = Debug|Win32
		{B9B80495-01BA-4AFD-99FE-F87822FB832C}.Release|arm64.ActiveCfg = Release|arm64
		{B9B80495-01BA-4AFD-99FE-F87822FB832C}.Release|arm64.Build.0 = Release|arm64
		{B9B80495-01BA-4AFD-99FE-F87822FB832C}.Release|x64.ActiveCfg = Release|x64
		{B9B80495-01BA-4AFD-99FE-F87822FB832C}.Release|x64.Build.0 = Release|x64
		{B9B80495-01BA-4AFD-99FE-F87822FB832C}.Release|x86.ActiveCfg = Release|Win32
		{B9B80495-01BA-4AFD-99FE-F87822FB832C}.Release|x86.Build.0 = Release|Win32
		{DCCE0BD5-25A8-49E2-A7DA-754E22935020}.Debug|arm64.ActiveCfg = Debug|arm64
		{DCCE0BD5-25A8-49E2-A7DA-754E22935020}.Debug|arm64.Build.0 = Debug|arm64
		{DCCE0BD5-25A8-49E2-A7DA-754E22935020}.Debug|x64.ActiveCfg = Debug|x64
		{DCCE0BD5-25A8-49E2-A7DA-754E22935020}.Debug|x64.Build.0 = Debug|x64
		{DCCE0BD5-25A8-49E2-A7DA-754E22935020}.Debug|x86.ActiveCfg = Debug|Win32
		{DCCE0BD5-25A8-49E2-A7DA-754E22935020}.Debug|x86.Build.0 = Debug|Win32
		{DCCE0BD5-25A8-49E2-A7DA-754E22935020}.Release|arm64.ActiveCfg = Release|arm64
		{DCCE0BD5-25A8-49E2-A7DA-754E22935020}.Release|arm64.Build.0 = Release|arm64
		{DCCE0BD5-25A8-49E2-A7DA-754E22935020}.Release|x64.ActiveCfg = Release|x64
		{DCCE0BD5-25A8-49E2-A7DA-754E22935020}.Release|x64.Build.0 = Release|x64
		{DCCE0BD5-25A8-49E2-A7DA-754E22935020}.Release|x86.ActiveCfg = Release|Win32
		{DCCE0BD5-25A8-49E2-A7DA-754E22935020}.Release|x86.Build.0 = Release|Win32
		{29BD96E0-B6C5-42A0-B683-FD9740810600}.Debug|arm64.ActiveCfg = Debug|arm64
		{29BD96E0-B6C5-42A0-B683-FD9740810600}.Debug|arm64.Build.0 = Debug|arm64
		{29BD96E0-B6C5-42A0-B683-FD9740810600}.Debug|x64.ActiveCfg = Debug|x64
		{29BD96E0-B6C5-42A0-B683-FD9740810600}.Debug|x64.Build.0 = Debug|x64
		{29BD96E0-B6C5-42A0-B683-FD9740810600}.Debug|x86.ActiveCfg = Debug|Win32
		{29BD96E0-B6C5-42A0-B683-FD9740810600}.Debug|x86.Build.0 = Debug|Win32
		{29BD96E0-B6C5-42A0-B683-FD9740810600}.Release|arm64.ActiveCfg = Release|arm64
		{29BD96E0-B6C5-42A0-B683-FD9740810600}.Release|arm64.Build.0 = Release|arm64
		{29BD96E0-B6C5-42A0-B683-FD9740810600}.Release|x64.ActiveCfg = Release|x64
		{29BD96E0-B6C5-42A0-B683-FD9740810600}.Release|x64.Build.0 = Release|x64
		{29BD96E0-B6C5-42A0-B683-FD9740810600}.Release|x86.ActiveCfg = Release|Win32
		{29BD96E0-B6C5-42A0-B683-FD9740810600}.Release|x86.Build.0 = Release|Win32
		{17469F2D-C088-4F5F-8FBB-74B558E14D7B}.Debug|arm64.ActiveCfg = Debug|arm64
		{17469F2D-C088-4F5F-8FBB-74B558E14D7B}.Debug|arm64.Build.0 = Debug|arm64
		{17469F2D-C088-4F5F-8FBB-74B558E14D7B}.Debug|x64.ActiveCfg = Debug|x64
		{17469F2D-C088-4F5F-8FBB-74B558E14D7B}.Debug|x64.Build.0 = Debug|x64
		{17469F2D-C088-4F5F-8FBB-74B558E14D7B}.Debug|x86.ActiveCfg = Debug|Win32
		{17469F2D-C088-4F5F-8FBB-74B558E14D7B}.Debug|x86.Build.0 = Debug|Win32
		{17469F2D-C088-4F5F-8FBB-74B558E14D7B}.Release|arm64.ActiveCfg = Release|arm64
		{17469F2D-C088-4F5F-8FBB-74B558E14D7B}.Release|arm64.Build.0 = Release|arm64
		{17469F2D-C088-4F5F-8FBB-74B558E14D7B}.Release|x64.ActiveCfg = Release|x64
		{17469F2D-C088-4F5F-8FBB-74B558E14D7B}.Release|x64.Build.0 = Release|x64
		{17469F2D-C088-4F5F-8FBB-74B558E14D7B}.Release|x86.ActiveCfg = Release|Win32
		{17469F2D-C088-4F5F-8FBB-74B558E14D7B}.Release|x86.Build.0 = Release|Win32
		{C6E90E80-11BA-4790-80D0-7E237D9B0B98}.Debug|arm64.ActiveCfg = Debug|arm64
		{C6E90E80-11BA-4790-80D0-7E237D9B0B98}.Debug|arm64.Build.0 = Debug|arm64
		{C6E90E80-11BA-4790-80D0-7E237D9B0B98}.Debug|x64.ActiveCfg = Debug|x64
		{C6E90E80-11BA-4790-80D0-7E237D9B0B98}.Debug|x64.Build.0 = Debug|x64
		{C6E90E80-11BA-4790-80D0-7E237D9B0B98}.Debug|x86.ActiveCfg = Debug|Win32
		{C6E90E80-11BA-4790-80D0-7E237D9B0B98}.Debug|x86.Build.0 = Debug|Win32
		{C6E90E80-11BA-4790-80D0-7E237D9B0B98}.Release|arm64.ActiveCfg = Release|arm64
		{C6E90E80-11BA-4790-80D0-7E237D9B0B98}.Release|arm64.Build.0 = Release|arm64
		{C6E90E80-11BA-4790-80D0-7E237D9B0B98}.Release|x64.ActiveCfg = Release|x64
		{C6E90E80-11BA-4790-80D0-7E237D9B0B98}.Release|x64.Build.0 = Release|x64
		{C6E90E80-11BA-4790-80D0-7E237D9B0B98}.Release|x86.ActiveCfg = Release|Win32
		{C6E90E80-11BA-4790-80D0-7E237D9B0B98}.Release|x86.Build.0 = Release|Win32
		{72B3FD20-55F9-4B10-9C0B-AC8150590B2B}.Debug|arm64.ActiveCfg = Debug|arm64
		{72B3FD20-55F9-4B10-9C0B-AC8150590B2B}.Debug|arm64.Build.0 = Debug|arm64
		{72B3FD20-55F9-4B10-9C0B-AC8150590B2B}.Debug|x64.ActiveCfg = Debug|x64
		{72B3FD20-55F9-4B10-9C0B-AC8150590B2B}.Debug|x64.Build.0 = Debug|x64
		{72B3FD20-55F9-4B10-9C0B-AC8150590B2B}.Debug|x86.ActiveCfg = Debug|Win32
		{72B3FD20-55F9-4B10-9C0B-AC8150590B2B}.Debug|x86.Build.0 = Debug|Win32
		{72B3FD20-55F9-4B10-9C0B-AC8150590B2B}.Release|arm64.ActiveCfg = Release|arm64
		{72B3FD20-55F9-4B10-9C0B-AC8150590B2B}.Release|arm64.Build.0 = Release|arm64
		{72B3FD20-55F9-4B10-9C0B-AC8150590B2B}.Release|x64.ActiveCfg = Release|x64
		{72B3FD20-55F9-4B10-9C0B-AC8150590B2B}.Release|x64.Build.0 = Release|x64
		{72B3FD20-55F9-4B10-9C0B-AC8150590B2B}.Release|x86.ActiveCfg = Release|Win32
		{72B3FD20-55F9-4B10-9C0B-AC8150590B2B}.Release|x86.Build.0 = Release|Win32
		{849E4331-E1A1-406E-A6C0-03100337A62A}.Debug|arm64.ActiveCfg = Debug|arm64
		{849E4331-E1A1-406E-A6C0-03100337A62A}.Debug|arm64.Build.0 = Debug|arm64
		{849E4331-E1A1-406E-A6C0-03100337A62A}.Debug|x64.ActiveCfg = Debug|x64
		{849E4331-E1A1-406E-A6C0-03100337A62A}.Debug|x64.Build.0 = Debug|x64
		{849E4331-E1A1-406E-A6C0-03100337A62A}.Debug|x86.ActiveCfg = Debug|Win32
		{849E4331-E1A1-406E-A6C0-03100337A62A}.Debug|x86.Build.0 = Debug|Win32
		{849E4331-E1A1-406E-A6C0-03100337A62A}.Release|arm64.ActiveCfg = Release|arm64
		{849E4331-E1A1-406E-A6C0-03100337A62A}.Release|arm64.Build.0 = Release|arm64
		{849E4331-E1A1-406E-A6C0-03100337A62A}.Release|x64.ActiveCfg = Release|x64
		{849E4331-E1A1-406E-A6C0-03100337A62A}.Release|x64.Build.0 = Release|x64
		{849E4331-E1A1-406E-A6C0-03100337A62A}.Release|x86.ActiveCfg = Release|Win32
		{849E4331-E1A1-406E-A6C0-03100337A62A}.Release|x86.Build.0 = Release|Win32
		{9D2C48DC-EECB-4026-ABFB-FC7A86D01BC9}.Debug|arm64.ActiveCfg = Debug|arm64
		{9D2C48DC-EECB-4026-ABFB-FC7A86D01BC9}.Debug|arm64.Build.0 = Debug|arm64
		{9D2C48DC-EECB-4026-ABFB-FC7A86D01BC9}.Debug|x64.ActiveCfg = Debug|x64
		{9D2C48DC-EECB-4026-ABFB-FC7A86D01BC9}.Debug|x64.Build.0 = Debug|x64
		{9D2C48DC-EECB-4026-ABFB-FC7A86D01BC9}.Debug|x86.ActiveCfg = Debug|Win32
		{9D2C48DC-EECB-4026-ABFB-FC7A86D01BC9}.Debug|x86.Build.0 = Debug|Win32
		{9D2C48DC-EECB-4026-ABFB-FC7A86D01BC9}.Release|arm64.ActiveCfg = Release|arm64
		{9D2C48DC-EECB-4026-ABFB-FC7A86D01BC9}.Release|arm64.Build.0 = Release|arm64
		{9D2C48DC-EECB-4026-ABFB-FC7A86D01BC9}.Release|x64.ActiveCfg = Release|x64
		{9D2C48DC-EECB-4026-ABFB-FC7A86D01BC9}.Release|x64.Build.0 = Release|x64
		{9D2C48DC-EECB-4026-ABFB-FC7A86D01BC9}.Release|x86.ActiveCfg = Release|Win32
		{9D2C48DC-EECB-4026-ABFB-FC7A86D01BC9}.Release|x86.Build.0 = Release|Win32
		{F2AA080D-76EF-4CB9-A3E4-1C95CA311037}.Debug|arm64.ActiveCfg = Debug|arm64
		{F2AA080D-76EF-4CB9-A3E4-1C95CA311037}.Debug|arm64.Build.0 = Debug|arm64
		{F2AA080D-76EF-4CB9-A3E4-1C95CA311037}.Debug|x64.ActiveCfg = Debug|x64
		{F2AA080D-76EF-4CB9-A3E4-1C95CA311037}.Debug|x64.Build.0 = Debug|x64
		{F2AA080D-76EF-4CB9-A3E4-1C95CA311037}.Debug|x86.ActiveCfg = Debug|Win32
		{F2AA080D-76EF-4CB9-A3E4-1C95CA311037}.Debug|x86.Build.0 = Debug|Win32
		{F2AA080D-76EF-4CB9-A3E4-1C95CA311037}.Release|arm64.ActiveCfg = Release|arm64
		{F2AA080D-76EF-4CB9-A3E4-1C95CA311037}.Release|arm64.Build.0 = Release|arm64
		{F2AA080D-76EF-4CB9-A3E4-1C95CA311037}.Release|x64.ActiveCfg = Release|x64
		{F2AA080D-76EF-4CB9-A3E4-1C95CA311037}.Release|x64.Build.0 = Release|x64
		{F2AA080D-76EF-4CB9-A3E4-1C95CA311037}.Release|x86.ActiveCfg = Release|Win32
		{F2AA080D-76EF-4CB9-A3E4-1C95CA311037}.Release|x86.Build.0 = Release|Win32
		{78AA2EFB-1E77-40CA-8CCD-1A94CCBA1593}.Debug|arm64.ActiveCfg = Debug|arm64
		{78AA2EFB-1E77-40CA-8CCD-1A94CCBA1593}.Debug|arm64.Build.0 = Debug|arm64
		{78AA2EFB-1E77-40CA-8CCD-1A94CCBA1593}.Debug|x64.ActiveCfg = Debug|x64
		{78AA2EFB-1E77-40CA-8CCD-1A94CCBA1593}.Debug|x64.Build.0 = Debug|x64
		{78AA2EFB-1E77-40CA-8CCD-1A94CCBA1593}.Debug|x86.ActiveCfg = Debug|Win32
		{78AA2EFB-1E77-40CA-8CCD-1A94CCBA1593}.Debug|x86.Build.0 = Debug|Win32
		{78AA2EFB-1E77-40CA-8CCD-1A94CCBA1593}.Release|arm64.ActiveCfg = Release|arm64
		{78AA2EFB-1E77-40CA-8CCD-1A94CCBA1593}.Release|arm64.Build.0 = Release|arm64
		{78AA2EFB-1E77-40CA-8CCD-1A94CCBA1593}.Release|x64.ActiveCfg = Release|x64
		{78AA2EFB-1E77-40CA-8CCD-1A94CCBA1593}.Release|x64.Build.0 = Release|x64
		{78AA2EFB-1E77-40CA-8CCD-1A94CCBA1593}.Release|x86.ActiveCfg = Release|Win32
		{78AA2EFB-1E77-40CA-8CCD-1A94CCBA1593}.Release|x86.Build.0 = Release|Win32
		{81B54633-81B3-4A8A-9AAA-A8A2EAEFF651}.Debug|arm64.ActiveCfg = Debug|arm64
		{81B54633-81B3-4A8A-9AAA-A8A2EAEFF651}.Debug|arm64.Build.0 = Debug|arm64
		{81B54633-81B3-4A8A-9AAA-A8A2EAEFF651}.Debug|x64.ActiveCfg = Debug|x64
		{81B54633-81B3-4A8A-9AAA-A8A2EAEFF651}.Debug|x64.Build.0 = Debug|x64
		{81B54633-81B3-4A8A-9AAA-A8A2EAEFF651}.Debug|x86.ActiveCfg = Debug|Win32
		{81B54633-81B3-4A8A-9AAA-A8A2EAEFF651}.Debug|x86.Build.0 = Debug|Win32
		{81B54633-81B3-4A8A-9AAA-A8A2EAEFF651}.Release|arm64.ActiveCfg = Release|arm64
		{81B54633-81B3-4A8A-9AAA-A8A2EAEFF651}.Release|arm64.Build.0 = Release|arm64
		{81B54633-81B3-4A8A-9AAA-A8A2EAEFF651}.Release|x64.ActiveCfg = Release|x64
		{81B54633-81B3-4A8A-9AAA-A8A2EAEFF651}.Release|x64.Build.0 = Release|x64
		{81B54633-81B3-4A8A-9AAA-A8A2EAEFF651}.Release|x86.ActiveCfg = Release|Win32
		{81B54633-81B3-4A8A-9AAA-A8A2EAEFF651}.Release|x86.Build.0 = Release|Win32
		{7818C31D-DA42-442D-807D-3CC0E7AE6259}.Debug|arm64.ActiveCfg = Debug|arm64
		{7818C31D-DA42-442D-807D-3CC0E7AE6259}.Debug|arm64.Build.0 = Debug|arm64
		{7818C31D-DA42-442D-807D-3CC0E7AE6259}.Debug|x64.ActiveCfg = Debug|x64
		{7818C31D-DA42-442D-807D-3CC0E7AE6259}.Debug|x64.Build.0 = Debug|x64
		{7818C31D-DA42-442D-807D-3CC0E7AE6259}.Debug|x86.ActiveCfg = Debug|Win32
		{7818C31D-DA42-442D-807D-3CC0E7AE6259}.Debug|x86.Build.0 = Debug|Win32
		{7818C31D-DA42-442D-807D-3CC0E7AE6259}.Release|arm64.ActiveCfg = Release|arm64
		{7818C31D-DA42-442D-807D-3CC0E7AE6259}.Release|arm64.Build.0 = Release|arm64
		{7818C31D-DA42-442D-807D-3CC0E7AE6259}.Release|x64.ActiveCfg = Release|x64
		{7818C31D-DA42-442D-807D-3CC0E7AE6259}.Release|x64.Build.0 = Release|x64
		{7818C31D-DA42-442D-807D-3CC0E7AE6259}.Release|x86.ActiveCfg = Release|Win32
		{7818C31D-DA42-442D-807D-3CC0E7AE6259}.Release|x86.Build.0 = Release|Win32
		{A613A0A0-9601-4B8F-AE76-C861993CE1F3}.Debug|arm64.ActiveCfg = Debug|arm64
		{A613A0A0-9601-4B8F-AE76-C861993CE1F3}.Debug|arm64.Build.0 = Debug|arm64
		{A613A0A0-9601-4B8F-AE76-C861993CE1F3}.Debug|x64.ActiveCfg = Debug|x64
		{A613A0A0-9601-4B8F-AE76-C861993CE1F3}.Debug|x64.Build.0 = Debug|x64
		{A613A0A0-9601-4B8F-AE76-C861993CE1F3}.Debug|x86.ActiveCfg = Debug|Win32
		{A613A0A0-9601-4B8F-AE76-C861993CE1F3}.Debug|x86.Build.0 = Debug|Win32
		{A613A0A0-9601-4B8F-AE76-C861993CE1F3}.Release|arm64.ActiveCfg = Release|arm64
		{A613A0A0-9601-4B8F-AE76-C861993CE1F3}.Release|arm64.Build.0 = Release|arm64
		{A613A0A0-9601-4B8F-AE76-C861993CE1F3}.Release|x64.ActiveCfg = Release|x64
		{A613A0A0-9601-4B8F-AE76-C861993CE1F3}.Release|x64.Build.0 = Release|x64
		{A613A0A0-9601-4B8F-AE76-C861993CE1F3}.Release|x86.ActiveCfg = Release|Win32
		{A613A0A0-9601-4B8F-AE76-C861993CE1F3}.Release|x86.Build.0 = Release|Win32
		{7C923FFC-728C-4449-9D00-85734024765F}.Debug|arm64.ActiveCfg = Debug|arm64
		{7C923FFC-728C-4449-9D00-85734024765F}.Debug|arm64.Build.0 = Debug|arm64
		{7C923FFC-728C-4449-9D00-85734024765F}.Debug|x64.ActiveCfg = Debug|x64
		{7C923FFC-728C-4449-9D00-85734024765F}.Debug|x64.Build.0 = Debug|x64
		{7C923FFC-728C-4449-9D00-85734024765F}.Debug|x86.ActiveCfg = Debug|Win32
		{7C923FFC-728C-4449-9D00-85734024765F}.Debug|x86.Build.0 = Debug|Win32
		{7C923FFC-728C-4449-9D00-85734024765F}.Release|arm64.ActiveCfg = Release|arm64
		{7C923FFC-728C-4449-9D00-85734024765F}.Release|arm64.Build.0 = Release|arm64
		{7C923FFC-728C-4449-9D00-85734024765F}.Release|x64.ActiveCfg = Release|x64
		{7C923FFC-728C-4449-9D00-85734024765F}.Release|x64.Build.0 = Release|x64
		{7C923FFC-728C-4449-9D00-85734024765F}.Release|x86.ActiveCfg = Release|Win32
		{7C923FFC-728C-4449-9D00-85734024765F}.Release|x86.Build.0 = Release|Win32
		{6C47178B-CA57-4CBB-98BB-CF801E09028D}.Debug|arm64.ActiveCfg = Debug|arm64
		{6C47178B-CA57-4CBB-98BB-CF801E09028D}.Debug|arm64.Build.0 = Debug|arm64
		{6C47178B-CA57-4CBB-98BB-CF801E09028D}.Debug|x64.ActiveCfg = Debug|x64
		{6C47178B-CA57-4CBB-98BB-CF801E09028D}.Debug|x64.Build.0 = Debug|x64
		{6C47178B-CA57-4CBB-98BB-CF801E09028D}.Debug|x86.ActiveCfg = Debug|Win32
		{6C47178B-CA57-4CBB-98BB-CF801E09028D}.Debug|x86.Build.0 = Debug|Win32
		{6C47178B-CA57-4CBB-98BB-CF801E09028D}.Release|arm64.ActiveCfg = Release|arm64
		{6C47178B-CA57-4CBB-98BB-CF801E09028D}.Release|arm64.Build.0 = Release|arm64
		{6C47178B-CA57-4CBB-98BB-CF801E09028D}.Release|x64.ActiveCfg = Release|x64
		{6C47178B-CA57-4CBB-98BB-CF801E09028D}.Release|x64.Build.0 = Release|x64
		{6C47178B-CA57-4CBB-98BB-CF801E09028D}.Release|x86.ActiveCfg = Release|Win32
		{6C47178B-CA57-4CBB-98BB-CF801E09028D}.Release|x86.Build.0 = Release|Win32
		{5E9AC9DB-6149-4251-9947-908B6ED25E82}.Debug|arm64.ActiveCfg = Debug|arm64
		{5E9AC9DB-6149-4251-9947-908B6ED25E82}.Debug|arm64.Build.0 = Debug|arm64
		{5E9AC9DB-6149-4251-9947-908B6ED25E82}.Debug|x64.ActiveCfg = Debug|x64
		{5E9AC9DB-6149-4251-9947-908B6ED25E82}.Debug|x64.Build.0 = Debug|x64
		{5E9AC9DB-6149-4251-9947-908B6ED25E82}.Debug|x86.ActiveCfg = Debug|Win32
		{5E9AC9DB-6149-4251-9947-908B6ED25E82}.Debug|x86.Build.0 = Debug|Win32
		{5E9AC9DB-6149-4251-9947-908B6ED25E82}.Release|arm64.ActiveCfg = Release|arm64
		{5E9AC9DB-6149-4251-9947-908B6ED25E82}.Release|arm64.Build.0 = Release|arm64
		{5E9AC9DB-6149-4251-9947-908B6ED25E82}.Release|x64.ActiveCfg = Release|x64
		{5E9AC9DB-6149-4251-9947-908B6ED25E82}.Release|x64.Build.0 = Release|x64
		{5E9AC9DB-6149-4251-9947-908B6ED25E82}.Release|x86.ActiveCfg = Release|Win32
		{5E9AC9DB-6149-4251-9947-908B6ED25E82}.Release|x86.Build.0 = Release|Win32
		{B64E9AE5-5A84-4E43-9340-604F9009D525}.Debug|arm64.ActiveCfg = Debug|arm64
		{B64E9AE5-5A84-4E43-9340-604F9009D525}.Debug|arm64.Build.0 = Debug|arm64
		{B64E9AE5-5A84-4E43-9340-604F9009D525}.Debug|x64.ActiveCfg = Debug|x64
		{B64E9AE5-5A84-4E43-9340-604F9009D525}.Debug|x64.Build.0 = Debug|x64
		{B64E9AE5-5A84-4E43-9340-604F9009D525}.Debug|x86.ActiveCfg = Debug|Win32
		{B64E9AE5-5A84-4E43-9340-604F9009D525}.Debug|x86.Build.0 = Debug|Win32
		{B64E9AE5-5A84-4E43-9340-604F9009D525}.Release|arm64.ActiveCfg = Release|arm64
		{B64E9AE5-5A84-4E43-9340-604F9009D525}.Release|arm64.Build.0 = Release|arm64
		{B64E9AE5-5A84-4E43-9340-604F9009D525}.Release|x64.ActiveCfg = Release|x64
		{B64E9AE5-5A84-4E43-9340-604F9009D525}.Release|x64.Build.0 = Release|x64
		{B64E9AE5-5A84-4E43-9340-604F9009D525}.Release|x86.ActiveCfg = Release|Win32
		{B64E9AE5-5A84-4E43-9340-604F9009D525}.Release|x86.Build.0 = Release|Win32
		{F2C41E2F-915F-4ED5-9EFC-14B3665DAE49}.Debug|arm64.ActiveCfg = Debug|arm64
		{F2C41E2F-915F-4ED5-9EFC-14B3665DAE49}.Debug|arm64.Build.0 = Debug|arm64
		{F2C41E2F-915F-4ED5-9EFC-14B3665DAE49}.Debug|x64.ActiveCfg = Debug|x64
		{F2C41E2F-915F-4ED5-9EFC-14B3665DAE49}.Debug|x64.Build.0 = Debug|x64
		{F2C41E2F-915F-4ED5-9EFC-14B3665DAE49}.Debug|x86.ActiveCfg = Debug|Win32
		{F2C41E2F-915F-4ED5-9EFC-14B3665DAE49}.Debug|x86.Build.0 = Debug|Win32
		{F2C41E2F-915F-4ED5-9EFC-14B3665DAE49}.Release|arm64.ActiveCfg = Release|arm64
		{F2C41E2F-915F-4ED5-9EFC-14B3665DAE49}.Release|arm64.Build.0 = Release|arm64
		{F2C41E2F-915F-4ED5-9EFC-14B3665DAE49}.Release|x64.ActiveCfg = Release|x64
		{F2C41E2F-915F-4ED5-9EFC-14B3665DAE49}.Release|x64.Build.0 = Release|x64
		{F2C41E2F-915F-4ED5-9EFC-14B3665DAE49}.Release|x86.ActiveCfg = Release|Win32
		{F2C41E2F-915F-4ED5-9EFC-14B3665DAE49}.Release|x86.Build.0 = Release|Win32
		{4D09666E-402D-4F2D-B2C3-1DDACF35032E}.Debug|arm64.ActiveCfg = Debug|arm64
		{4D09666E-402D-4F2D-B2C3-1DDACF35032E}.Debug|arm64.Build.0 = Debug|arm64
		{4D09666E-402D-4F2D-B2C3-1DDACF35032E}.Debug|x64.ActiveCfg = Debug|x64
		{4D09666E-402D-4F2D-B2C3-1DDACF35032E}.Debug|x64.Build.0 = Debug|x64
		{4D09666E-402D-4F2D-B2C3-1DDACF35032E}.Debug|x86.ActiveCfg = Debug|Win32
		{4D09666E-402D-4F2D-B2C3-1DDACF35032E}.Debug|x86.Build.0 = Debug|Win32
		{4D09666E-402D-4F2D-B2C3-1DDACF35032E}.Release|arm64.ActiveCfg = Release|arm64
		{4D09666E-402D-4F2D-B2C3-1DDACF35032E}.Release|arm64.Build.0 = Release|arm64
		{4D09666E-402D-4F2D-B2C3-1DDACF35032E}.Release|x64.ActiveCfg = Release|x64
		{4D09666E-402D-4F2D-B2C3-1DDACF35032E}.Release|x64.Build.0 = Release|x64
		{4D09666E-402D-4F2D-B2C3-1DDACF35032E}.Release|x86.ActiveCfg = Release|Win32
		{4D09666E-402D-4F2D-B2C3-1DDACF35032E}.Release|x86.Build.0 = Release|Win32
		{10CE9179-0B2D-4FBB-9EA7-EC8A3EE06D06}.Debug|arm64.ActiveCfg = Debug|arm64
		{10CE9179-0B2D-4FBB-9EA7-EC8A3EE06D06}.Debug|arm64.Build.0 = Debug|arm64
		{10CE9179-0B2D-4FBB-9EA7-EC8A3EE06D06}.Debug|x64.ActiveCfg = Debug|x64
		{10CE9179-0B2D-4FBB-9EA7-EC8A3EE06D06}.Debug|x64.Build.0 = Debug|x64
		{10CE9179-0B2D-4FBB-9EA7-EC8A3EE06D06}.Debug|x86.ActiveCfg = Debug|Win32
		{10CE9179-0B2D-4FBB-9EA7-EC8A3EE06D06}.Debug|x86.Build.0 = Debug|Win32
		{10CE9179-0B2D-4FBB-9EA7-EC8A3EE06D06}.Release|arm64.ActiveCfg = Release|arm64
		{10CE9179-0B2D-4FBB-9EA7-EC8A3EE06D06}.Release|arm64.Build.0 = Release|arm64
		{10CE9179-0B2D-4FBB-9EA7-EC8A3EE06D06}.Release|x64.ActiveCfg = Release|x64
		{10CE9179-0B2D-4FBB-9EA7-EC8A3EE06D06}.Release|x64.Build.0 = Release|x64
		{10CE9179-0B2D-4FBB-9EA7-EC8A3EE06D06}.Release|x86.ActiveCfg = Release|Win32
		{10CE9179-0B2D-4FBB-9EA7-EC8A3EE06D06}.Release|x86.Build.0 = Release|Win32
		{2C57A424-E1C6-4BDC-BD5C-D13AD5A53F2E}.Debug|arm64.ActiveCfg = Debug|arm64
		{2C57A424-E1C6-4BDC-BD5C-D13AD5A53F2E}.Debug|arm64.Build.0 = Debug|arm64
		{2C57A424-E1C6-4BDC-BD5C-D13AD5A53F2E}.Debug|x64.ActiveCfg = Debug|x64
		{2C57A424-E1C6-4BDC-BD5C-D13AD5A53F2E}.Debug|x64.Build.0 = Debug|x64
		{2C57A424-E1C6-4BDC-BD5C-D13AD5A53F2E}.Debug|x86.ActiveCfg = Debug|Win32
		{2C57A424-E1C6-4BDC-BD5C-D13AD5A53F2E}.Debug|x86.Build.0 = Debug|Win32
		{2C57A424-E1C6-4BDC-BD5C-D13AD5A53F2E}.Release|arm64.ActiveCfg = Release|arm64
		{2C57A424-E1C6-4BDC-BD5C-D13AD5A53F2E}.Release|arm64.Build.0 = Release|arm64
		{2C57A424-E1C6-4BDC-BD5C-D13AD5A53F2E}.Release|x64.ActiveCfg = Release|x64
		{2C57A424-E1C6-4BDC-BD5C-D13AD5A53F2E}.Release|x64.Build.0 = Release|x64
		{2C57A424-E1C6-4BDC-BD5C-D13AD5A53F2E}.Release|x86.ActiveCfg = Release|Win32
		{2C57A424-E1C6-4BDC-BD5C-D13AD5A53F2E}.Release|x86.Build.0 = Release|Win32
		{F00074E3-6C20-4997-A7CB-8A9E44AB3661}.Debug|arm64.ActiveCfg = Debug|arm64
		{F00074E3-6C20-4997-A7CB-8A9E44AB3661}.Debug|arm64.Build.0 = Debug|arm64
		{F00074E3-6C20-4997-A7CB-8A9E44AB3661}.Debug|x64.ActiveCfg = Debug|x64
		{F00074E3-6C20-4997-A7CB-8A9E44AB3661}.Debug|x64.Build.0 = Debug|x64
		{F00074E3-6C20-4997-A7CB-8A9E44AB3661}.Debug|x86.ActiveCfg = Debug|Win32
		{F00074E3-6C20-4997-A7CB-8A9E44AB3661}.Debug|x86.Build.0 = Debug|Win32
		{F00074E3-6C20-4997-A7CB-8A9E44AB3661}.Release|arm64.ActiveCfg = Release|arm64
		{F00074E3-6C20-4997-A7CB-8A9E44AB3661}.Release|arm64.Build.0 = Release|arm64
		{F00074E3-6C20-4997-A7CB-8A9E44AB3661}.Release|x64.ActiveCfg = Release|x64
		{F00074E3-6C20-4997-A7CB-8A9E44AB3661}.Release|x64.Build.0 = Release|x64
		{F00074E3-6C20-4997-A7CB-8A9E44AB3661}.Release|x86.ActiveCfg = Release|Win32
		{F00074E3-6C20-4997-A7CB-8A9E44AB3661}.Release|x86.Build.0 = Release|Win32
		{391CBC76-2100-4981-9B39-1D2F2A7BE812}.Debug|arm64.ActiveCfg = Debug|arm64
		{391CBC76-2100-4981-9B39-1D2F2A7BE812}.Debug|arm64.Build.0 = Debug|arm64
		{391CBC76-2100-4981-9B39-1D2F2A7BE812}.Debug|x64.ActiveCfg = Debug|x64
		{391CBC76-2100-4981-9B39-1D2F2A7BE812}.Debug|x64.Build.0 = Debug|x64
		{391CBC76-2100-4981-9B39-1D2F2A7BE812}.Debug|x86.ActiveCfg = Debug|Win32
		{391CBC76-2100-4981-9B39-1D2F2A7BE812}.Debug|x86.Build.0 = Debug|Win32
		{391CBC76-2100-4981-9B39-1D2F2A7BE812}.Release|arm64.ActiveCfg = Release|arm64
		{391CBC76-2100-4981-9B39-1D2F2A7BE812}.Release|arm64.Build.0 = Release|arm64
		{391CBC76-2100-4981-9B39-1D2F2A7BE812}.Release|x64.ActiveCfg = Release|x64
		{391CBC76-2100-4981-9B39-1D2F2A7BE812}.Release|x64.Build.0 = Release|x64
		{391CBC76-2100-4981-9B39-1D2F2A7BE812}.Release|x86.ActiveCfg = Release|Win32
		{391CBC76-2100-4981-9B39-1D2F2A7BE812}.Release|x86.Build.0 = Release|Win32
		{A5928ACC-083F-42AD-9651-50185BAF8608}.Debug|arm64.ActiveCfg = Debug|arm64
		{A5928ACC-083F-42AD-9651-50185BAF8608}.Debug|arm64.Build.0 = Debug|arm64
		{A5928ACC-083F-42AD-9651-50185BAF8608}.Debug|x64.ActiveCfg = Debug|x64
		{A5928ACC-083F-42AD-9651-50185BAF8608}.Debug|x64.Build.0 = Debug|x64
		{A5928ACC-083F-42AD-9651-50185BAF8608}.Debug|x86.ActiveCfg = Debug|Win32
		{A5928ACC-083F-42AD-9651-50185BAF8608}.Debug|x86.Build.0 = Debug|Win32
		{A5928ACC-083F-42AD-9651-50185BAF8608}.Release|arm64.ActiveCfg = Release|arm64
		{A5928ACC-083F-42AD-9651-50185BAF8608}.Release|arm64.Build.0 = Release|arm64
		{A5928ACC-083F-42AD-9651-50185BAF8608}.Release|x64.ActiveCfg = Release|x64
		{A5928ACC-083F-42AD-9651-50185BAF8608}.Release|x64.Build.0 = Release|x64
		{A5928ACC-083F-42AD-9651-50185BAF8608}.Release|x86.ActiveCfg = Release|Win32
		{A5928ACC-083F-42AD-9651-50185BAF8608}.Release|x86.Build.0 = Release|Win32
		{EE807C4D-4C52-49D6-A08B-7153D5926862}.Debug|arm64.ActiveCfg = Debug|arm64
		{EE807C4D-4C52-49D6-A08B-7153D5926862}.Debug|arm64.Build.0 = Debug|arm64
		{EE807C4D-4C52-49D6-A08B-7153D5926862}.Debug|x64.ActiveCfg = Debug|x64
		{EE807C4D-4C52-49D6-A08B-7153D5926862}.Debug|x64.Build.0 = Debug|x64
		{EE807C4D-4C52-49D6-A08B-7153D5926862}.Debug|x86.ActiveCfg = Debug|Win32
		{EE807C4D-4C52-49D6-A08B-7153D5926862}.Debug|x86.Build.0 = Debug|Win32
		{EE807C4D-4C52-49D6-A08B-7153D5926862}.Release|arm64.ActiveCfg = Release|arm64
		{EE807C4D-4C52-49D6-A08B-7153D5926862}.Release|arm64.Build.0 = Release|arm64
		{EE807C4D-4C52-49D6-A08B-7153D5926862}.Release|x64.ActiveCfg = Release|x64
		{EE807C4D-4C52-49D6-A08B-7153D5926862}.Release|x64.Build.0 = Release|x64
		{EE807C4D-4C52-49D6-A08B-7153D5926862}.Release|x86.ActiveCfg = Release|Win32
		{EE807C4D-4C52-49D6-A08B-7153D5926862}.Release|x86.Build.0 = Release|Win32
		{5E6CD655-9FF5-490B-980C-FAF72F83BF75}.Debug|arm64.ActiveCfg = Debug|arm64
		{5E6CD655-9FF5-490B-980C-FAF72F83BF75}.Debug|arm64.Build.0 = Debug|arm64
		{5E6CD655-9FF5-490B-980C-FAF72F83BF75}.Debug|x64.ActiveCfg = Debug|x64
		{5E6CD655-9FF5-490B-980C-FAF72F83BF75}.Debug|x64.Build.0 = Debug|x64
		{5E6CD655-9FF5-490B-980C-FAF72F83BF75}.Debug|x86.ActiveCfg = Debug|Win32
		{5E6CD655-9FF5-490B-980C-FAF72F83BF75}.Debug|x86.Build.0 = Debug|Win32
		{5E6CD655-9FF5-490B-980C-FAF72F83BF75}.Release|arm64.ActiveCfg = Release|arm64
		{5E6CD655-9FF5-490B-980C-FAF72F83BF75}.Release|arm64.Build.0 = Release|arm64
		{5E6CD655-9FF5-490B-980C-FAF72F83BF75}.Release|x64.ActiveCfg = Release|x64
		{5E6CD655-9FF5-490B-980C-FAF72F83BF75}.Release|x64.Build.0 = Release|x64
		{5E6CD655-9FF5-490B-980C-FAF72F83BF75}.Release|x86.ActiveCfg = Release|Win32
		{5E6CD655-9FF5-490B-980C-FAF72F83BF75}.Release|x86.Build.0 = Release|Win32
		{04AD1307-1C07-4848-93FF-76005FDCC59A}.Debug|arm64.ActiveCfg = Debug|arm64
		{04AD1307-1C07-4848-93FF-76005FDCC59A}.Debug|arm64.Build.0 = Debug|arm64
		{04AD1307-1C07-4848-93FF-76005FDCC59A}.Debug|x64.ActiveCfg = Debug|x64
		{04AD1307-1C07-4848-93FF-76005FDCC59A}.Debug|x64.Build.0 = Debug|x64
		{04AD1307-1C07-4848-93FF-76005FDCC59A}.Debug|x86.ActiveCfg = Debug|Win32
		{04AD1307-1C07-4848-93FF-76005FDCC59A}.Debug|x86.Build.0 = Debug|Win32
		{04AD1307-1C07-4848-93FF-76005FDCC59A}.Release|arm64.ActiveCfg = Release|arm64
		{04AD1307-1C07-4848-93FF-76005FDCC59A}.Release|arm64.Build.0 = Release|arm64
		{04AD1307-1C07-4848-93FF-76005FDCC59A}.Release|x64.ActiveCfg = Release|x64
		{04AD1307-1C07-4848-93FF-76005FDCC59A}.Release|x64.Build.0 = Release|x64
		{04AD1307-1C07-4848-93FF-76005FDCC59A}.Release|x86.ActiveCfg = Release|Win32
		{04AD1307-1C07-4848-93FF-76005FDCC59A}.Release|x86.Build.0 = Release|Win32
		{599FF9E1-4CB8-4511-9D55-A5CBC6191DC3}.Debug|arm64.ActiveCfg = Debug|arm64
		{599FF9E1-4CB8-4511-9D55-A5CBC6191DC3}.Debug|arm64.Build.0 = Debug|arm64
		{599FF9E1-4CB8-4511-9D55-A5CBC6191DC3}.Debug|x64.ActiveCfg = Debug|x64
		{599FF9E1-4CB8-4511-9D55-A5CBC6191DC3}.Debug|x64.Build.0 = Debug|x64
		{599FF9E1-4CB8-4511-9D55-A5CBC6191DC3}.Debug|x86.ActiveCfg = Debug|Win32
		{599FF9E1-4CB8-4511-9D55-A5CBC6191DC3}.Debug|x86.Build.0 = Debug|Win32
		{599FF9E1-4CB8-4511-9D55-A5CBC6191DC3}.Release|arm64.ActiveCfg = Release|arm64
		{599FF9E1-4CB8-4511-9D55-A5CBC6191DC3}.Release|arm64.Build.0 = Release|arm64
		{599FF9E1-4CB8-4511-9D55-A5CBC6191DC3}.Release|x64.ActiveCfg = Release|x64
		{599FF9E1-4CB8-4511-9D55-A5CBC6191DC3}.Release|x64.Build.0 = Release|x64
		{599FF9E1-4CB8-4511-9D55-A5CBC6191DC3}.Release|x86.ActiveCfg = Release|Win32
		{599FF9E1-4CB8-4511-9D55-A5CBC6191DC3}.Release|x86.Build.0 = Release|Win32
	EndGlobalSection
	GlobalSection(SolutionProperties) = preSolution
		HideSolutionNode = FALSE
	EndGlobalSection
	GlobalSection(ExtensibilityGlobals) = postSolution
		SolutionGuid = {E12747EF-DB83-4FB7-953E-D70CAD134A56}
	EndGlobalSection
EndGlobal
